<?xml version="1.0" encoding="UTF-8"?>
<!DOCTYPE plist PUBLIC "-//Apple//DTD PLIST 1.0//EN" "http://www.apple.com/DTDs/PropertyList-1.0.dtd">
<plist version="1.0">
<dict>
	<key>archiveVersion</key>
	<string>1</string>
	<key>classes</key>
	<dict/>
	<key>objectVersion</key>
	<string>46</string>
	<key>objects</key>
	<dict>
		<key>412588B2DF694DD58EEABF86</key>
		<dict>
			<key>buildActionMask</key>
			<string>2147483647</string>
			<key>files</key>
			<array/>
			<key>inputPaths</key>
			<array/>
			<key>isa</key>
			<string>PBXShellScriptBuildPhase</string>
			<key>name</key>
			<string>Copy Pods Resources</string>
			<key>outputPaths</key>
			<array/>
			<key>runOnlyForDeploymentPostprocessing</key>
			<string>0</string>
			<key>shellPath</key>
			<string>/bin/sh</string>
			<key>shellScript</key>
			<string>"${SRCROOT}/../Pods/Pods-resources.sh"
</string>
			<key>showEnvVarsInLog</key>
			<string>0</string>
		</dict>
		<key>5057F238A84D47518902488F</key>
		<dict>
			<key>includeInIndex</key>
			<string>1</string>
			<key>isa</key>
			<string>PBXFileReference</string>
			<key>lastKnownFileType</key>
			<string>text.xcconfig</string>
			<key>name</key>
			<string>Pods.xcconfig</string>
			<key>path</key>
			<string>../Pods/Pods.xcconfig</string>
			<key>sourceTree</key>
			<string>&lt;group&gt;</string>
		</dict>
		<key>690AD5FB9D2849F39D10EC3F</key>
		<dict>
			<key>fileRef</key>
			<string>FD79FBA7FAFE46B6AC2AE01F</string>
			<key>isa</key>
			<string>PBXBuildFile</string>
		</dict>
		<key>7A00FC8A183CF0B500BF4399</key>
		<dict>
			<key>fileEncoding</key>
			<string>4</string>
			<key>isa</key>
			<string>PBXFileReference</string>
			<key>lastKnownFileType</key>
			<string>sourcecode.c.h</string>
			<key>path</key>
			<string>DCThankYouViewController.h</string>
			<key>sourceTree</key>
			<string>&lt;group&gt;</string>
		</dict>
		<key>7A00FC8B183CF0B500BF4399</key>
		<dict>
			<key>fileEncoding</key>
			<string>4</string>
			<key>isa</key>
			<string>PBXFileReference</string>
			<key>lastKnownFileType</key>
			<string>sourcecode.c.objc</string>
			<key>path</key>
			<string>DCThankYouViewController.m</string>
			<key>sourceTree</key>
			<string>&lt;group&gt;</string>
		</dict>
		<key>7A00FC8C183CF0B500BF4399</key>
		<dict>
			<key>fileRef</key>
			<string>7A00FC8B183CF0B500BF4399</string>
			<key>isa</key>
			<string>PBXBuildFile</string>
		</dict>
		<key>7A00FC8D183CF8A200BF4399</key>
		<dict>
			<key>isa</key>
			<string>PBXFileReference</string>
			<key>lastKnownFileType</key>
			<string>wrapper.framework</string>
			<key>name</key>
			<string>Social.framework</string>
			<key>path</key>
			<string>System/Library/Frameworks/Social.framework</string>
			<key>sourceTree</key>
			<string>SDKROOT</string>
		</dict>
		<key>7A00FC8E183CF8A200BF4399</key>
		<dict>
			<key>fileRef</key>
			<string>7A00FC8D183CF8A200BF4399</string>
			<key>isa</key>
			<string>PBXBuildFile</string>
		</dict>
		<key>7A5BD3D2183BDBA000794635</key>
		<dict>
			<key>fileEncoding</key>
			<string>4</string>
			<key>isa</key>
			<string>PBXFileReference</string>
			<key>lastKnownFileType</key>
			<string>sourcecode.c.h</string>
			<key>path</key>
			<string>DCDataModel.h</string>
			<key>sourceTree</key>
			<string>&lt;group&gt;</string>
		</dict>
		<key>7A5BD3D3183BDBA000794635</key>
		<dict>
			<key>fileEncoding</key>
			<string>4</string>
			<key>isa</key>
			<string>PBXFileReference</string>
			<key>lastKnownFileType</key>
			<string>sourcecode.c.objc</string>
			<key>path</key>
			<string>DCDataModel.m</string>
			<key>sourceTree</key>
			<string>&lt;group&gt;</string>
		</dict>
		<key>7A5BD3D4183BDBA000794635</key>
		<dict>
			<key>fileRef</key>
			<string>7A5BD3D3183BDBA000794635</string>
			<key>isa</key>
			<string>PBXBuildFile</string>
		</dict>
		<key>7A5BD3D5183BE75500794635</key>
		<dict>
			<key>fileEncoding</key>
			<string>4</string>
			<key>isa</key>
			<string>PBXFileReference</string>
			<key>lastKnownFileType</key>
			<string>sourcecode.c.h</string>
			<key>path</key>
			<string>DCOccasionViewController.h</string>
			<key>sourceTree</key>
			<string>&lt;group&gt;</string>
		</dict>
		<key>7A5BD3D6183BE75500794635</key>
		<dict>
			<key>fileEncoding</key>
			<string>4</string>
			<key>isa</key>
			<string>PBXFileReference</string>
			<key>lastKnownFileType</key>
			<string>sourcecode.c.objc</string>
			<key>path</key>
			<string>DCOccasionViewController.m</string>
			<key>sourceTree</key>
			<string>&lt;group&gt;</string>
		</dict>
		<key>7A5BD3D7183BE75500794635</key>
		<dict>
			<key>fileRef</key>
			<string>7A5BD3D6183BE75500794635</string>
			<key>isa</key>
			<string>PBXBuildFile</string>
		</dict>
		<key>7A5BD3D8183BEB1800794635</key>
		<dict>
			<key>fileEncoding</key>
			<string>4</string>
			<key>isa</key>
			<string>PBXFileReference</string>
			<key>lastKnownFileType</key>
			<string>sourcecode.c.h</string>
			<key>path</key>
			<string>DCAmountViewController.h</string>
			<key>sourceTree</key>
			<string>&lt;group&gt;</string>
		</dict>
		<key>7A5BD3D9183BEB1800794635</key>
		<dict>
			<key>fileEncoding</key>
			<string>4</string>
			<key>isa</key>
			<string>PBXFileReference</string>
			<key>lastKnownFileType</key>
			<string>sourcecode.c.objc</string>
			<key>path</key>
			<string>DCAmountViewController.m</string>
			<key>sourceTree</key>
			<string>&lt;group&gt;</string>
		</dict>
		<key>7A5BD3DA183BEB1800794635</key>
		<dict>
			<key>fileRef</key>
			<string>7A5BD3D9183BEB1800794635</string>
			<key>isa</key>
			<string>PBXBuildFile</string>
		</dict>
		<key>7A5BD3DB183BEE6E00794635</key>
		<dict>
			<key>fileEncoding</key>
			<string>4</string>
			<key>isa</key>
			<string>PBXFileReference</string>
			<key>lastKnownFileType</key>
			<string>sourcecode.c.h</string>
			<key>path</key>
			<string>DCChooseContactViewController.h</string>
			<key>sourceTree</key>
			<string>&lt;group&gt;</string>
		</dict>
		<key>7A5BD3DC183BEE6E00794635</key>
		<dict>
			<key>fileEncoding</key>
			<string>4</string>
			<key>isa</key>
			<string>PBXFileReference</string>
			<key>lastKnownFileType</key>
			<string>sourcecode.c.objc</string>
			<key>path</key>
			<string>DCChooseContactViewController.m</string>
			<key>sourceTree</key>
			<string>&lt;group&gt;</string>
		</dict>
		<key>7A5BD3DD183BEE6E00794635</key>
		<dict>
			<key>fileRef</key>
			<string>7A5BD3DC183BEE6E00794635</string>
			<key>isa</key>
			<string>PBXBuildFile</string>
		</dict>
		<key>7A5BD3E4183C089300794635</key>
		<dict>
			<key>fileEncoding</key>
			<string>4</string>
			<key>isa</key>
			<string>PBXFileReference</string>
			<key>lastKnownFileType</key>
			<string>sourcecode.c.h</string>
			<key>path</key>
			<string>DCEditMessageViewController.h</string>
			<key>sourceTree</key>
			<string>&lt;group&gt;</string>
		</dict>
		<key>7A5BD3E5183C089300794635</key>
		<dict>
			<key>fileEncoding</key>
			<string>4</string>
			<key>isa</key>
			<string>PBXFileReference</string>
			<key>lastKnownFileType</key>
			<string>sourcecode.c.objc</string>
			<key>path</key>
			<string>DCEditMessageViewController.m</string>
			<key>sourceTree</key>
			<string>&lt;group&gt;</string>
		</dict>
		<key>7A5BD3E6183C089400794635</key>
		<dict>
			<key>fileRef</key>
			<string>7A5BD3E5183C089300794635</string>
			<key>isa</key>
			<string>PBXBuildFile</string>
		</dict>
		<key>7A5BD3E7183C12D900794635</key>
		<dict>
			<key>fileEncoding</key>
			<string>4</string>
			<key>isa</key>
			<string>PBXFileReference</string>
			<key>lastKnownFileType</key>
			<string>sourcecode.c.h</string>
			<key>path</key>
			<string>DCProviderViewController.h</string>
			<key>sourceTree</key>
			<string>&lt;group&gt;</string>
		</dict>
		<key>7A5BD3E8183C12D900794635</key>
		<dict>
			<key>fileEncoding</key>
			<string>4</string>
			<key>isa</key>
			<string>PBXFileReference</string>
			<key>lastKnownFileType</key>
			<string>sourcecode.c.objc</string>
			<key>path</key>
			<string>DCProviderViewController.m</string>
			<key>sourceTree</key>
			<string>&lt;group&gt;</string>
		</dict>
		<key>7A5BD3E9183C12D900794635</key>
		<dict>
			<key>fileRef</key>
			<string>7A5BD3E8183C12D900794635</string>
			<key>isa</key>
			<string>PBXBuildFile</string>
		</dict>
		<key>7A5BD3EA183C177900794635</key>
		<dict>
			<key>fileEncoding</key>
			<string>4</string>
			<key>isa</key>
			<string>PBXFileReference</string>
			<key>lastKnownFileType</key>
			<string>sourcecode.c.h</string>
			<key>path</key>
			<string>DCConfirmationViewController.h</string>
			<key>sourceTree</key>
			<string>&lt;group&gt;</string>
		</dict>
		<key>7A5BD3EB183C177900794635</key>
		<dict>
			<key>fileEncoding</key>
			<string>4</string>
			<key>isa</key>
			<string>PBXFileReference</string>
			<key>lastKnownFileType</key>
			<string>sourcecode.c.objc</string>
			<key>path</key>
			<string>DCConfirmationViewController.m</string>
			<key>sourceTree</key>
			<string>&lt;group&gt;</string>
		</dict>
		<key>7A5BD3EC183C177900794635</key>
		<dict>
			<key>fileRef</key>
			<string>7A5BD3EB183C177900794635</string>
			<key>isa</key>
			<string>PBXBuildFile</string>
		</dict>
		<key>7AADF85518245C3D00227346</key>
		<dict>
			<key>isa</key>
			<string>PBXFileReference</string>
			<key>lastKnownFileType</key>
			<string>image.jpeg</string>
			<key>path</key>
			<string>back3.jpg</string>
			<key>sourceTree</key>
			<string>&lt;group&gt;</string>
		</dict>
		<key>7AADF85618245C3E00227346</key>
		<dict>
			<key>isa</key>
			<string>PBXFileReference</string>
			<key>lastKnownFileType</key>
			<string>image.jpeg</string>
			<key>path</key>
			<string>back4.jpg</string>
			<key>sourceTree</key>
			<string>&lt;group&gt;</string>
		</dict>
		<key>7AADF85718245C3E00227346</key>
		<dict>
			<key>isa</key>
			<string>PBXFileReference</string>
			<key>lastKnownFileType</key>
			<string>image.jpeg</string>
			<key>path</key>
			<string>back5.jpg</string>
			<key>sourceTree</key>
			<string>&lt;group&gt;</string>
		</dict>
		<key>7AADF85818245C3E00227346</key>
		<dict>
			<key>isa</key>
			<string>PBXFileReference</string>
			<key>lastKnownFileType</key>
			<string>image.jpeg</string>
			<key>path</key>
			<string>back6.jpg</string>
			<key>sourceTree</key>
			<string>&lt;group&gt;</string>
		</dict>
		<key>7AADF85918245C3E00227346</key>
		<dict>
			<key>fileRef</key>
			<string>7AADF85518245C3D00227346</string>
			<key>isa</key>
			<string>PBXBuildFile</string>
		</dict>
		<key>7AADF85A18245C3E00227346</key>
		<dict>
			<key>fileRef</key>
			<string>7AADF85618245C3E00227346</string>
			<key>isa</key>
			<string>PBXBuildFile</string>
		</dict>
		<key>7AADF85B18245C3E00227346</key>
		<dict>
			<key>fileRef</key>
			<string>7AADF85718245C3E00227346</string>
			<key>isa</key>
			<string>PBXBuildFile</string>
		</dict>
		<key>7AADF85C18245C3E00227346</key>
		<dict>
			<key>fileRef</key>
			<string>7AADF85818245C3E00227346</string>
			<key>isa</key>
			<string>PBXBuildFile</string>
		</dict>
		<key>7AADF8A31824788100227346</key>
		<dict>
			<key>fileEncoding</key>
			<string>4</string>
			<key>isa</key>
			<string>PBXFileReference</string>
			<key>lastKnownFileType</key>
			<string>sourcecode.c.h</string>
			<key>path</key>
			<string>DCWorkViewController.h</string>
			<key>sourceTree</key>
			<string>&lt;group&gt;</string>
		</dict>
		<key>7AADF8A41824788100227346</key>
		<dict>
			<key>fileEncoding</key>
			<string>4</string>
			<key>isa</key>
			<string>PBXFileReference</string>
			<key>lastKnownFileType</key>
			<string>sourcecode.c.objc</string>
			<key>path</key>
			<string>DCWorkViewController.m</string>
			<key>sourceTree</key>
			<string>&lt;group&gt;</string>
		</dict>
		<key>7AADF8A51824788100227346</key>
		<dict>
			<key>fileRef</key>
			<string>7AADF8A41824788100227346</string>
			<key>isa</key>
			<string>PBXBuildFile</string>
		</dict>
		<key>7ABB2148183A685D0089B3B6</key>
		<dict>
			<key>children</key>
			<array>
				<string>7ABB2149183A68760089B3B6</string>
				<string>7ABB214A183A68760089B3B6</string>
				<string>7AC84F1C1824470D00FE6ED2</string>
			</array>
			<key>isa</key>
			<string>PBXGroup</string>
			<key>name</key>
			<string>Resources</string>
			<key>sourceTree</key>
			<string>&lt;group&gt;</string>
		</dict>
		<key>7ABB2149183A68760089B3B6</key>
		<dict>
			<key>fileEncoding</key>
			<string>4</string>
			<key>isa</key>
			<string>PBXFileReference</string>
			<key>lastKnownFileType</key>
			<string>sourcecode.c.h</string>
			<key>path</key>
			<string>Reachability.h</string>
			<key>sourceTree</key>
			<string>&lt;group&gt;</string>
		</dict>
		<key>7ABB214A183A68760089B3B6</key>
		<dict>
			<key>fileEncoding</key>
			<string>4</string>
			<key>isa</key>
			<string>PBXFileReference</string>
			<key>lastKnownFileType</key>
			<string>sourcecode.c.objc</string>
			<key>path</key>
			<string>Reachability.m</string>
			<key>sourceTree</key>
			<string>&lt;group&gt;</string>
		</dict>
		<key>7ABB214B183A68760089B3B6</key>
		<dict>
			<key>fileRef</key>
			<string>7ABB214A183A68760089B3B6</string>
			<key>isa</key>
			<string>PBXBuildFile</string>
		</dict>
		<key>7ABB215F183A8D0B0089B3B6</key>
		<dict>
			<key>fileEncoding</key>
			<string>4</string>
			<key>isa</key>
			<string>PBXFileReference</string>
			<key>lastKnownFileType</key>
			<string>sourcecode.c.h</string>
			<key>path</key>
			<string>DCNewsViewController.h</string>
			<key>sourceTree</key>
			<string>&lt;group&gt;</string>
		</dict>
		<key>7ABB2160183A8D0B0089B3B6</key>
		<dict>
			<key>fileEncoding</key>
			<string>4</string>
			<key>isa</key>
			<string>PBXFileReference</string>
			<key>lastKnownFileType</key>
			<string>sourcecode.c.objc</string>
			<key>path</key>
			<string>DCNewsViewController.m</string>
			<key>sourceTree</key>
			<string>&lt;group&gt;</string>
		</dict>
		<key>7ABB2161183A8D0B0089B3B6</key>
		<dict>
			<key>fileRef</key>
			<string>7ABB2160183A8D0B0089B3B6</string>
			<key>isa</key>
			<string>PBXBuildFile</string>
		</dict>
		<key>7ABB2162183A96580089B3B6</key>
		<dict>
			<key>isa</key>
			<string>PBXFileReference</string>
			<key>lastKnownFileType</key>
			<string>image.png</string>
			<key>path</key>
			<string>facebook_icon.png</string>
			<key>sourceTree</key>
			<string>&lt;group&gt;</string>
		</dict>
		<key>7ABB2163183A96580089B3B6</key>
		<dict>
			<key>isa</key>
			<string>PBXFileReference</string>
			<key>lastKnownFileType</key>
			<string>image.png</string>
			<key>path</key>
			<string>instagram_icon.png</string>
			<key>sourceTree</key>
			<string>&lt;group&gt;</string>
		</dict>
		<key>7ABB2164183A96580089B3B6</key>
		<dict>
			<key>isa</key>
			<string>PBXFileReference</string>
			<key>lastKnownFileType</key>
			<string>image.png</string>
			<key>path</key>
			<string>twitter_icon.png</string>
			<key>sourceTree</key>
			<string>&lt;group&gt;</string>
		</dict>
		<key>7ABB2165183A96580089B3B6</key>
		<dict>
			<key>isa</key>
			<string>PBXFileReference</string>
			<key>lastKnownFileType</key>
			<string>image.png</string>
			<key>path</key>
			<string>youtube_icon.png</string>
			<key>sourceTree</key>
			<string>&lt;group&gt;</string>
		</dict>
		<key>7ABB2166183A96580089B3B6</key>
		<dict>
			<key>fileRef</key>
			<string>7ABB2162183A96580089B3B6</string>
			<key>isa</key>
			<string>PBXBuildFile</string>
		</dict>
		<key>7ABB2167183A96580089B3B6</key>
		<dict>
			<key>fileRef</key>
			<string>7ABB2163183A96580089B3B6</string>
			<key>isa</key>
			<string>PBXBuildFile</string>
		</dict>
		<key>7ABB2168183A96580089B3B6</key>
		<dict>
			<key>fileRef</key>
			<string>7ABB2164183A96580089B3B6</string>
			<key>isa</key>
			<string>PBXBuildFile</string>
		</dict>
		<key>7ABB2169183A96580089B3B6</key>
		<dict>
			<key>fileRef</key>
			<string>7ABB2165183A96580089B3B6</string>
			<key>isa</key>
			<string>PBXBuildFile</string>
		</dict>
		<key>7ABB216C183A99AF0089B3B6</key>
		<dict>
			<key>fileEncoding</key>
			<string>4</string>
			<key>isa</key>
			<string>PBXFileReference</string>
			<key>lastKnownFileType</key>
			<string>sourcecode.c.h</string>
			<key>path</key>
			<string>DCContactViewController.h</string>
			<key>sourceTree</key>
			<string>&lt;group&gt;</string>
		</dict>
		<key>7ABB216D183A99AF0089B3B6</key>
		<dict>
			<key>fileEncoding</key>
			<string>4</string>
			<key>isa</key>
			<string>PBXFileReference</string>
			<key>lastKnownFileType</key>
			<string>sourcecode.c.objc</string>
			<key>path</key>
			<string>DCContactViewController.m</string>
			<key>sourceTree</key>
			<string>&lt;group&gt;</string>
		</dict>
		<key>7ABB216E183A99AF0089B3B6</key>
		<dict>
			<key>fileRef</key>
			<string>7ABB216D183A99AF0089B3B6</string>
			<key>isa</key>
			<string>PBXBuildFile</string>
		</dict>
		<key>7ABB21B4183B60DD0089B3B6</key>
		<dict>
			<key>isa</key>
			<string>PBXFileReference</string>
			<key>lastKnownFileType</key>
			<string>image.png</string>
			<key>path</key>
			<string>anniversary_green.png</string>
			<key>sourceTree</key>
			<string>&lt;group&gt;</string>
		</dict>
		<key>7ABB21B5183B60DD0089B3B6</key>
		<dict>
			<key>isa</key>
			<string>PBXFileReference</string>
			<key>lastKnownFileType</key>
			<string>image.png</string>
			<key>path</key>
			<string>anniversary_icon_blue.png</string>
			<key>sourceTree</key>
			<string>&lt;group&gt;</string>
		</dict>
		<key>7ABB21B6183B60DD0089B3B6</key>
		<dict>
			<key>isa</key>
			<string>PBXFileReference</string>
			<key>lastKnownFileType</key>
			<string>image.png</string>
			<key>path</key>
			<string>baby_icon_orange.png</string>
			<key>sourceTree</key>
			<string>&lt;group&gt;</string>
		</dict>
		<key>7ABB21B7183B60DD0089B3B6</key>
		<dict>
			<key>isa</key>
			<string>PBXFileReference</string>
			<key>lastKnownFileType</key>
			<string>image.png</string>
			<key>path</key>
			<string>birthday_icon_blue.png</string>
			<key>sourceTree</key>
			<string>&lt;group&gt;</string>
		</dict>
		<key>7ABB21B8183B60DD0089B3B6</key>
		<dict>
			<key>isa</key>
			<string>PBXFileReference</string>
			<key>lastKnownFileType</key>
			<string>image.png</string>
			<key>path</key>
			<string>christmas.png</string>
			<key>sourceTree</key>
			<string>&lt;group&gt;</string>
		</dict>
		<key>7ABB21B9183B60DD0089B3B6</key>
		<dict>
			<key>isa</key>
			<string>PBXFileReference</string>
			<key>lastKnownFileType</key>
			<string>image.png</string>
			<key>path</key>
			<string>eid_icon_orange.png</string>
			<key>sourceTree</key>
			<string>&lt;group&gt;</string>
		</dict>
		<key>7ABB21BA183B60DD0089B3B6</key>
		<dict>
			<key>isa</key>
			<string>PBXFileReference</string>
			<key>lastKnownFileType</key>
			<string>image.png</string>
			<key>path</key>
			<string>get_well_icon_yellow.png</string>
			<key>sourceTree</key>
			<string>&lt;group&gt;</string>
		</dict>
		<key>7ABB21BB183B60DD0089B3B6</key>
		<dict>
			<key>isa</key>
			<string>PBXFileReference</string>
			<key>lastKnownFileType</key>
			<string>image.png</string>
			<key>path</key>
			<string>graduation_icon_yellow.png</string>
			<key>sourceTree</key>
			<string>&lt;group&gt;</string>
		</dict>
		<key>7ABB21BC183B60DD0089B3B6</key>
		<dict>
			<key>isa</key>
			<string>PBXFileReference</string>
			<key>lastKnownFileType</key>
			<string>image.png</string>
			<key>path</key>
			<string>seasonsgreetings.png</string>
			<key>sourceTree</key>
			<string>&lt;group&gt;</string>
		</dict>
		<key>7ABB21BD183B60DD0089B3B6</key>
		<dict>
			<key>isa</key>
			<string>PBXFileReference</string>
			<key>lastKnownFileType</key>
			<string>image.png</string>
			<key>path</key>
			<string>sympathy_icon_green.png</string>
			<key>sourceTree</key>
			<string>&lt;group&gt;</string>
		</dict>
		<key>7ABB21BE183B60DD0089B3B6</key>
		<dict>
			<key>fileRef</key>
			<string>7ABB21B4183B60DD0089B3B6</string>
			<key>isa</key>
			<string>PBXBuildFile</string>
		</dict>
		<key>7ABB21BF183B60DD0089B3B6</key>
		<dict>
			<key>fileRef</key>
			<string>7ABB21B5183B60DD0089B3B6</string>
			<key>isa</key>
			<string>PBXBuildFile</string>
		</dict>
		<key>7ABB21C0183B60DD0089B3B6</key>
		<dict>
			<key>fileRef</key>
			<string>7ABB21B6183B60DD0089B3B6</string>
			<key>isa</key>
			<string>PBXBuildFile</string>
		</dict>
		<key>7ABB21C1183B60DD0089B3B6</key>
		<dict>
			<key>fileRef</key>
			<string>7ABB21B7183B60DD0089B3B6</string>
			<key>isa</key>
			<string>PBXBuildFile</string>
		</dict>
		<key>7ABB21C2183B60DD0089B3B6</key>
		<dict>
			<key>fileRef</key>
			<string>7ABB21B8183B60DD0089B3B6</string>
			<key>isa</key>
			<string>PBXBuildFile</string>
		</dict>
		<key>7ABB21C3183B60DD0089B3B6</key>
		<dict>
			<key>fileRef</key>
			<string>7ABB21B9183B60DD0089B3B6</string>
			<key>isa</key>
			<string>PBXBuildFile</string>
		</dict>
		<key>7ABB21C4183B60DD0089B3B6</key>
		<dict>
			<key>fileRef</key>
			<string>7ABB21BA183B60DD0089B3B6</string>
			<key>isa</key>
			<string>PBXBuildFile</string>
		</dict>
		<key>7ABB21C5183B60DD0089B3B6</key>
		<dict>
			<key>fileRef</key>
			<string>7ABB21BB183B60DD0089B3B6</string>
			<key>isa</key>
			<string>PBXBuildFile</string>
		</dict>
		<key>7ABB21C6183B60DD0089B3B6</key>
		<dict>
			<key>fileRef</key>
			<string>7ABB21BC183B60DD0089B3B6</string>
			<key>isa</key>
			<string>PBXBuildFile</string>
		</dict>
		<key>7ABB21C7183B60DD0089B3B6</key>
		<dict>
			<key>fileRef</key>
			<string>7ABB21BD183B60DD0089B3B6</string>
			<key>isa</key>
			<string>PBXBuildFile</string>
		</dict>
		<key>7ABB21C8183B63130089B3B6</key>
		<dict>
			<key>isa</key>
			<string>PBXFileReference</string>
			<key>lastKnownFileType</key>
			<string>image.png</string>
			<key>path</key>
			<string>ramadan.png</string>
			<key>sourceTree</key>
			<string>&lt;group&gt;</string>
		</dict>
		<key>7ABB21C9183B63130089B3B6</key>
		<dict>
			<key>fileRef</key>
			<string>7ABB21C8183B63130089B3B6</string>
			<key>isa</key>
			<string>PBXBuildFile</string>
		</dict>
		<key>7ABB21CA183B63AC0089B3B6</key>
		<dict>
			<key>isa</key>
			<string>PBXFileReference</string>
			<key>lastKnownFileType</key>
			<string>image.png</string>
			<key>path</key>
			<string>other.png</string>
			<key>sourceTree</key>
			<string>&lt;group&gt;</string>
		</dict>
		<key>7ABB21CB183B63AC0089B3B6</key>
		<dict>
			<key>fileRef</key>
			<string>7ABB21CA183B63AC0089B3B6</string>
			<key>isa</key>
			<string>PBXBuildFile</string>
		</dict>
		<key>7AC84ED9182444DD00FE6ED2</key>
		<dict>
			<key>children</key>
			<array>
				<string>7AC84EEB182444DD00FE6ED2</string>
				<string>7AC84F0A182444DD00FE6ED2</string>
				<string>7AC84EE4182444DD00FE6ED2</string>
				<string>7AC84EE3182444DD00FE6ED2</string>
				<string>5057F238A84D47518902488F</string>
			</array>
			<key>isa</key>
			<string>PBXGroup</string>
			<key>sourceTree</key>
			<string>&lt;group&gt;</string>
		</dict>
		<key>7AC84EDA182444DD00FE6ED2</key>
		<dict>
			<key>attributes</key>
			<dict>
				<key>CLASSPREFIX</key>
				<string>DC</string>
				<key>LastUpgradeCheck</key>
				<string>0500</string>
				<key>ORGANIZATIONNAME</key>
				<string>Dubai Cares</string>
				<key>TargetAttributes</key>
				<dict>
					<key>7AC84EE1182444DD00FE6ED2</key>
					<dict>
						<key>DevelopmentTeam</key>
						<string>68BKCT869S</string>
					</dict>
					<key>7AC84F02182444DD00FE6ED2</key>
					<dict>
						<key>TestTargetID</key>
						<string>7AC84EE1182444DD00FE6ED2</string>
					</dict>
				</dict>
			</dict>
			<key>buildConfigurationList</key>
			<string>7AC84EDD182444DD00FE6ED2</string>
			<key>compatibilityVersion</key>
			<string>Xcode 3.2</string>
			<key>developmentRegion</key>
			<string>English</string>
			<key>hasScannedForEncodings</key>
			<string>0</string>
			<key>isa</key>
			<string>PBXProject</string>
			<key>knownRegions</key>
			<array>
				<string>en</string>
				<string>Base</string>
				<string>da</string>
				<string>es-ES</string>
				<string>es</string>
				<string>fr</string>
				<string>ja</string>
				<string>zh-Hans</string>
				<string>zh-Hant</string>
			</array>
			<key>mainGroup</key>
			<string>7AC84ED9182444DD00FE6ED2</string>
			<key>productRefGroup</key>
			<string>7AC84EE3182444DD00FE6ED2</string>
			<key>projectDirPath</key>
			<string></string>
			<key>projectReferences</key>
			<array/>
			<key>projectRoot</key>
			<string></string>
			<key>targets</key>
			<array>
				<string>7AC84EE1182444DD00FE6ED2</string>
				<string>7AC84F02182444DD00FE6ED2</string>
			</array>
		</dict>
		<key>7AC84EDD182444DD00FE6ED2</key>
		<dict>
			<key>buildConfigurations</key>
			<array>
				<string>7AC84F12182444DD00FE6ED2</string>
				<string>7AC84F13182444DD00FE6ED2</string>
			</array>
			<key>defaultConfigurationIsVisible</key>
			<string>0</string>
			<key>defaultConfigurationName</key>
			<string>Release</string>
			<key>isa</key>
			<string>XCConfigurationList</string>
		</dict>
		<key>7AC84EDE182444DD00FE6ED2</key>
		<dict>
			<key>buildActionMask</key>
			<string>2147483647</string>
			<key>files</key>
			<array>
				<string>7A5BD3E9183C12D900794635</string>
				<string>7AC84EF2182444DD00FE6ED2</string>
				<string>7AC84EFC182444DD00FE6ED2</string>
				<string>7A5BD3DD183BEE6E00794635</string>
				<string>7A5BD3E6183C089400794635</string>
				<string>7A5BD3D4183BDBA000794635</string>
				<string>7A5BD3DA183BEB1800794635</string>
				<string>7AADF8A51824788100227346</string>
				<string>7A5BD3D7183BE75500794635</string>
				<string>7AC84EF6182444DD00FE6ED2</string>
				<string>7A5BD3EC183C177900794635</string>
				<string>7ABB2161183A8D0B0089B3B6</string>
				<string>7ABB214B183A68760089B3B6</string>
				<string>7ABB216E183A99AF0089B3B6</string>
				<string>7A00FC8C183CF0B500BF4399</string>
			</array>
			<key>isa</key>
			<string>PBXSourcesBuildPhase</string>
			<key>runOnlyForDeploymentPostprocessing</key>
			<string>0</string>
		</dict>
		<key>7AC84EDF182444DD00FE6ED2</key>
		<dict>
			<key>buildActionMask</key>
			<string>2147483647</string>
			<key>files</key>
			<array>
				<string>7A00FC8E183CF8A200BF4399</string>
				<string>7AC84EE8182444DD00FE6ED2</string>
				<string>7AC84EEA182444DD00FE6ED2</string>
				<string>7AC84EE6182444DD00FE6ED2</string>
				<string>690AD5FB9D2849F39D10EC3F</string>
			</array>
			<key>isa</key>
			<string>PBXFrameworksBuildPhase</string>
			<key>runOnlyForDeploymentPostprocessing</key>
			<string>0</string>
		</dict>
		<key>7AC84EE0182444DD00FE6ED2</key>
		<dict>
			<key>buildActionMask</key>
			<string>2147483647</string>
			<key>files</key>
			<array>
				<string>7ABB2169183A96580089B3B6</string>
				<string>7ABB21C1183B60DD0089B3B6</string>
				<string>7ABB21C3183B60DD0089B3B6</string>
				<string>7ABB21C6183B60DD0089B3B6</string>
				<string>7ABB21C9183B63130089B3B6</string>
				<string>7AADF85B18245C3E00227346</string>
				<string>7ABB21C0183B60DD0089B3B6</string>
				<string>7ABB21C4183B60DD0089B3B6</string>
				<string>7ABB21BE183B60DD0089B3B6</string>
				<string>7AADF85A18245C3E00227346</string>
				<string>7ABB21C5183B60DD0089B3B6</string>
				<string>7AADF85918245C3E00227346</string>
				<string>7AADF85C18245C3E00227346</string>
				<string>7ABB2168183A96580089B3B6</string>
				<string>7ABB21C7183B60DD0089B3B6</string>
				<string>7AC84EFE182444DD00FE6ED2</string>
				<string>7ABB2167183A96580089B3B6</string>
				<string>7AC84EF9182444DD00FE6ED2</string>
				<string>7ABB2166183A96580089B3B6</string>
				<string>7AC84F1B1824470500FE6ED2</string>
				<string>7ABB21C2183B60DD0089B3B6</string>
				<string>7ABB21CB183B63AC0089B3B6</string>
				<string>7ABB21BF183B60DD0089B3B6</string>
			</array>
			<key>isa</key>
			<string>PBXResourcesBuildPhase</string>
			<key>runOnlyForDeploymentPostprocessing</key>
			<string>0</string>
		</dict>
		<key>7AC84EE1182444DD00FE6ED2</key>
		<dict>
			<key>buildConfigurationList</key>
			<string>7AC84F14182444DD00FE6ED2</string>
			<key>buildPhases</key>
			<array>
				<string>835FCFF1637543CF93AFEA07</string>
				<string>7AC84EDE182444DD00FE6ED2</string>
				<string>7AC84EDF182444DD00FE6ED2</string>
				<string>7AC84EE0182444DD00FE6ED2</string>
				<string>412588B2DF694DD58EEABF86</string>
			</array>
			<key>buildRules</key>
			<array/>
			<key>dependencies</key>
			<array/>
			<key>isa</key>
			<string>PBXNativeTarget</string>
			<key>name</key>
			<string>Dubai Cares Microdonations</string>
			<key>productName</key>
			<string>Dubai Cares Microdonations</string>
			<key>productReference</key>
			<string>7AC84EE2182444DD00FE6ED2</string>
			<key>productType</key>
			<string>com.apple.product-type.application</string>
		</dict>
		<key>7AC84EE2182444DD00FE6ED2</key>
		<dict>
			<key>explicitFileType</key>
			<string>wrapper.application</string>
			<key>includeInIndex</key>
			<string>0</string>
			<key>isa</key>
			<string>PBXFileReference</string>
			<key>path</key>
			<string>Dubai Cares Microdonations.app</string>
			<key>sourceTree</key>
			<string>BUILT_PRODUCTS_DIR</string>
		</dict>
		<key>7AC84EE3182444DD00FE6ED2</key>
		<dict>
			<key>children</key>
			<array>
				<string>7AC84EE2182444DD00FE6ED2</string>
				<string>7AC84F03182444DD00FE6ED2</string>
			</array>
			<key>isa</key>
			<string>PBXGroup</string>
			<key>name</key>
			<string>Products</string>
			<key>sourceTree</key>
			<string>&lt;group&gt;</string>
		</dict>
		<key>7AC84EE4182444DD00FE6ED2</key>
		<dict>
			<key>children</key>
			<array>
				<string>7A00FC8D183CF8A200BF4399</string>
				<string>7AC84EE5182444DD00FE6ED2</string>
				<string>7AC84EE7182444DD00FE6ED2</string>
				<string>7AC84EE9182444DD00FE6ED2</string>
				<string>7AC84F04182444DD00FE6ED2</string>
				<string>FD79FBA7FAFE46B6AC2AE01F</string>
			</array>
			<key>isa</key>
			<string>PBXGroup</string>
			<key>name</key>
			<string>Frameworks</string>
			<key>sourceTree</key>
			<string>&lt;group&gt;</string>
		</dict>
		<key>7AC84EE5182444DD00FE6ED2</key>
		<dict>
			<key>isa</key>
			<string>PBXFileReference</string>
			<key>lastKnownFileType</key>
			<string>wrapper.framework</string>
			<key>name</key>
			<string>Foundation.framework</string>
			<key>path</key>
			<string>System/Library/Frameworks/Foundation.framework</string>
			<key>sourceTree</key>
			<string>SDKROOT</string>
		</dict>
		<key>7AC84EE6182444DD00FE6ED2</key>
		<dict>
			<key>fileRef</key>
			<string>7AC84EE5182444DD00FE6ED2</string>
			<key>isa</key>
			<string>PBXBuildFile</string>
		</dict>
		<key>7AC84EE7182444DD00FE6ED2</key>
		<dict>
			<key>isa</key>
			<string>PBXFileReference</string>
			<key>lastKnownFileType</key>
			<string>wrapper.framework</string>
			<key>name</key>
			<string>CoreGraphics.framework</string>
			<key>path</key>
			<string>System/Library/Frameworks/CoreGraphics.framework</string>
			<key>sourceTree</key>
			<string>SDKROOT</string>
		</dict>
		<key>7AC84EE8182444DD00FE6ED2</key>
		<dict>
			<key>fileRef</key>
			<string>7AC84EE7182444DD00FE6ED2</string>
			<key>isa</key>
			<string>PBXBuildFile</string>
		</dict>
		<key>7AC84EE9182444DD00FE6ED2</key>
		<dict>
			<key>isa</key>
			<string>PBXFileReference</string>
			<key>lastKnownFileType</key>
			<string>wrapper.framework</string>
			<key>name</key>
			<string>UIKit.framework</string>
			<key>path</key>
			<string>System/Library/Frameworks/UIKit.framework</string>
			<key>sourceTree</key>
			<string>SDKROOT</string>
		</dict>
		<key>7AC84EEA182444DD00FE6ED2</key>
		<dict>
			<key>fileRef</key>
			<string>7AC84EE9182444DD00FE6ED2</string>
			<key>isa</key>
			<string>PBXBuildFile</string>
		</dict>
		<key>7AC84EEB182444DD00FE6ED2</key>
		<dict>
			<key>children</key>
			<array>
				<string>7ABB2148183A685D0089B3B6</string>
				<string>7AC84EF4182444DD00FE6ED2</string>
				<string>7AC84EF5182444DD00FE6ED2</string>
				<string>7AADF8A31824788100227346</string>
				<string>7AADF8A41824788100227346</string>
				<string>7AC84EFA182444DD00FE6ED2</string>
				<string>7AC84EFB182444DD00FE6ED2</string>
				<string>7ABB215F183A8D0B0089B3B6</string>
				<string>7ABB2160183A8D0B0089B3B6</string>
				<string>7ABB216C183A99AF0089B3B6</string>
				<string>7ABB216D183A99AF0089B3B6</string>
				<string>7A5BD3D5183BE75500794635</string>
				<string>7A5BD3D6183BE75500794635</string>
				<string>7AC84EF7182444DD00FE6ED2</string>
				<string>7A00FC8A183CF0B500BF4399</string>
				<string>7A00FC8B183CF0B500BF4399</string>
				<string>7A5BD3EA183C177900794635</string>
				<string>7A5BD3EB183C177900794635</string>
				<string>7A5BD3E7183C12D900794635</string>
				<string>7A5BD3E8183C12D900794635</string>
				<string>7A5BD3E4183C089300794635</string>
				<string>7A5BD3E5183C089300794635</string>
				<string>7A5BD3D8183BEB1800794635</string>
				<string>7A5BD3D9183BEB1800794635</string>
				<string>7A5BD3DB183BEE6E00794635</string>
				<string>7A5BD3DC183BEE6E00794635</string>
				<string>7A5BD3D2183BDBA000794635</string>
				<string>7A5BD3D3183BDBA000794635</string>
				<string>7AC84EFD182444DD00FE6ED2</string>
				<string>7AC84EEC182444DD00FE6ED2</string>
			</array>
			<key>isa</key>
			<string>PBXGroup</string>
			<key>path</key>
			<string>Dubai Cares Microdonations</string>
			<key>sourceTree</key>
			<string>&lt;group&gt;</string>
		</dict>
		<key>7AC84EEC182444DD00FE6ED2</key>
		<dict>
			<key>children</key>
			<array>
				<string>7AC84EED182444DD00FE6ED2</string>
				<string>7AC84EF1182444DD00FE6ED2</string>
				<string>7AC84EF3182444DD00FE6ED2</string>
			</array>
			<key>isa</key>
			<string>PBXGroup</string>
			<key>name</key>
			<string>Supporting Files</string>
			<key>sourceTree</key>
			<string>&lt;group&gt;</string>
		</dict>
		<key>7AC84EED182444DD00FE6ED2</key>
		<dict>
			<key>isa</key>
			<string>PBXFileReference</string>
			<key>lastKnownFileType</key>
			<string>text.plist.xml</string>
			<key>path</key>
			<string>Dubai Cares Microdonations-Info.plist</string>
			<key>sourceTree</key>
			<string>&lt;group&gt;</string>
		</dict>
		<key>7AC84EF1182444DD00FE6ED2</key>
		<dict>
			<key>isa</key>
			<string>PBXFileReference</string>
			<key>lastKnownFileType</key>
			<string>sourcecode.c.objc</string>
			<key>path</key>
			<string>main.m</string>
			<key>sourceTree</key>
			<string>&lt;group&gt;</string>
		</dict>
		<key>7AC84EF2182444DD00FE6ED2</key>
		<dict>
			<key>fileRef</key>
			<string>7AC84EF1182444DD00FE6ED2</string>
			<key>isa</key>
			<string>PBXBuildFile</string>
		</dict>
		<key>7AC84EF3182444DD00FE6ED2</key>
		<dict>
			<key>isa</key>
			<string>PBXFileReference</string>
			<key>lastKnownFileType</key>
			<string>sourcecode.c.h</string>
			<key>path</key>
			<string>Dubai Cares Microdonations-Prefix.pch</string>
			<key>sourceTree</key>
			<string>&lt;group&gt;</string>
		</dict>
		<key>7AC84EF4182444DD00FE6ED2</key>
		<dict>
			<key>isa</key>
			<string>PBXFileReference</string>
			<key>lastKnownFileType</key>
			<string>sourcecode.c.h</string>
			<key>path</key>
			<string>DCAppDelegate.h</string>
			<key>sourceTree</key>
			<string>&lt;group&gt;</string>
		</dict>
		<key>7AC84EF5182444DD00FE6ED2</key>
		<dict>
			<key>isa</key>
			<string>PBXFileReference</string>
			<key>lastKnownFileType</key>
			<string>sourcecode.c.objc</string>
			<key>path</key>
			<string>DCAppDelegate.m</string>
			<key>sourceTree</key>
			<string>&lt;group&gt;</string>
		</dict>
		<key>7AC84EF6182444DD00FE6ED2</key>
		<dict>
			<key>fileRef</key>
			<string>7AC84EF5182444DD00FE6ED2</string>
			<key>isa</key>
			<string>PBXBuildFile</string>
		</dict>
		<key>7AC84EF7182444DD00FE6ED2</key>
		<dict>
			<key>children</key>
			<array>
				<string>7AC84EF8182444DD00FE6ED2</string>
			</array>
			<key>isa</key>
			<string>PBXVariantGroup</string>
			<key>name</key>
			<string>Main.storyboard</string>
			<key>sourceTree</key>
			<string>&lt;group&gt;</string>
		</dict>
		<key>7AC84EF8182444DD00FE6ED2</key>
		<dict>
			<key>isa</key>
			<string>PBXFileReference</string>
			<key>lastKnownFileType</key>
			<string>file.storyboard</string>
			<key>name</key>
			<string>Base</string>
			<key>path</key>
			<string>Base.lproj/Main.storyboard</string>
			<key>sourceTree</key>
			<string>&lt;group&gt;</string>
		</dict>
		<key>7AC84EF9182444DD00FE6ED2</key>
		<dict>
			<key>fileRef</key>
			<string>7AC84EF7182444DD00FE6ED2</string>
			<key>isa</key>
			<string>PBXBuildFile</string>
		</dict>
		<key>7AC84EFA182444DD00FE6ED2</key>
		<dict>
			<key>isa</key>
			<string>PBXFileReference</string>
			<key>lastKnownFileType</key>
			<string>sourcecode.c.h</string>
			<key>path</key>
			<string>DCViewController.h</string>
			<key>sourceTree</key>
			<string>&lt;group&gt;</string>
		</dict>
		<key>7AC84EFB182444DD00FE6ED2</key>
		<dict>
			<key>isa</key>
			<string>PBXFileReference</string>
			<key>lastKnownFileType</key>
			<string>sourcecode.c.objc</string>
			<key>path</key>
			<string>DCViewController.m</string>
			<key>sourceTree</key>
			<string>&lt;group&gt;</string>
		</dict>
		<key>7AC84EFC182444DD00FE6ED2</key>
		<dict>
			<key>fileRef</key>
			<string>7AC84EFB182444DD00FE6ED2</string>
			<key>isa</key>
			<string>PBXBuildFile</string>
		</dict>
		<key>7AC84EFD182444DD00FE6ED2</key>
		<dict>
			<key>isa</key>
			<string>PBXFileReference</string>
			<key>lastKnownFileType</key>
			<string>folder.assetcatalog</string>
			<key>path</key>
			<string>Images.xcassets</string>
			<key>sourceTree</key>
			<string>&lt;group&gt;</string>
		</dict>
		<key>7AC84EFE182444DD00FE6ED2</key>
		<dict>
			<key>fileRef</key>
			<string>7AC84EFD182444DD00FE6ED2</string>
			<key>isa</key>
			<string>PBXBuildFile</string>
		</dict>
		<key>7AC84EFF182444DD00FE6ED2</key>
		<dict>
			<key>buildActionMask</key>
			<string>2147483647</string>
			<key>files</key>
			<array>
				<string>7AC84F11182444DD00FE6ED2</string>
			</array>
			<key>isa</key>
			<string>PBXSourcesBuildPhase</string>
			<key>runOnlyForDeploymentPostprocessing</key>
			<string>0</string>
		</dict>
		<key>7AC84F00182444DD00FE6ED2</key>
		<dict>
			<key>buildActionMask</key>
			<string>2147483647</string>
			<key>files</key>
			<array>
				<string>7AC84F05182444DD00FE6ED2</string>
				<string>7AC84F07182444DD00FE6ED2</string>
				<string>7AC84F06182444DD00FE6ED2</string>
			</array>
			<key>isa</key>
			<string>PBXFrameworksBuildPhase</string>
			<key>runOnlyForDeploymentPostprocessing</key>
			<string>0</string>
		</dict>
		<key>7AC84F01182444DD00FE6ED2</key>
		<dict>
			<key>buildActionMask</key>
			<string>2147483647</string>
			<key>files</key>
			<array/>
			<key>isa</key>
			<string>PBXResourcesBuildPhase</string>
			<key>runOnlyForDeploymentPostprocessing</key>
			<string>0</string>
		</dict>
		<key>7AC84F02182444DD00FE6ED2</key>
		<dict>
			<key>buildConfigurationList</key>
			<string>7AC84F17182444DD00FE6ED2</string>
			<key>buildPhases</key>
			<array>
				<string>7AC84EFF182444DD00FE6ED2</string>
				<string>7AC84F00182444DD00FE6ED2</string>
				<string>7AC84F01182444DD00FE6ED2</string>
			</array>
			<key>buildRules</key>
			<array/>
			<key>dependencies</key>
			<array>
				<string>7AC84F09182444DD00FE6ED2</string>
			</array>
			<key>isa</key>
			<string>PBXNativeTarget</string>
			<key>name</key>
			<string>Dubai Cares MicrodonationsTests</string>
			<key>productName</key>
			<string>Dubai Cares MicrodonationsTests</string>
			<key>productReference</key>
			<string>7AC84F03182444DD00FE6ED2</string>
			<key>productType</key>
			<string>com.apple.product-type.bundle.unit-test</string>
		</dict>
		<key>7AC84F03182444DD00FE6ED2</key>
		<dict>
			<key>explicitFileType</key>
			<string>wrapper.cfbundle</string>
			<key>includeInIndex</key>
			<string>0</string>
			<key>isa</key>
			<string>PBXFileReference</string>
			<key>path</key>
			<string>Dubai Cares MicrodonationsTests.xctest</string>
			<key>sourceTree</key>
			<string>BUILT_PRODUCTS_DIR</string>
		</dict>
		<key>7AC84F04182444DD00FE6ED2</key>
		<dict>
			<key>isa</key>
			<string>PBXFileReference</string>
			<key>lastKnownFileType</key>
			<string>wrapper.framework</string>
			<key>name</key>
			<string>XCTest.framework</string>
			<key>path</key>
			<string>Library/Frameworks/XCTest.framework</string>
			<key>sourceTree</key>
			<string>DEVELOPER_DIR</string>
		</dict>
		<key>7AC84F05182444DD00FE6ED2</key>
		<dict>
			<key>fileRef</key>
			<string>7AC84F04182444DD00FE6ED2</string>
			<key>isa</key>
			<string>PBXBuildFile</string>
		</dict>
		<key>7AC84F06182444DD00FE6ED2</key>
		<dict>
			<key>fileRef</key>
			<string>7AC84EE5182444DD00FE6ED2</string>
			<key>isa</key>
			<string>PBXBuildFile</string>
		</dict>
		<key>7AC84F07182444DD00FE6ED2</key>
		<dict>
			<key>fileRef</key>
			<string>7AC84EE9182444DD00FE6ED2</string>
			<key>isa</key>
			<string>PBXBuildFile</string>
		</dict>
		<key>7AC84F08182444DD00FE6ED2</key>
		<dict>
			<key>containerPortal</key>
			<string>7AC84EDA182444DD00FE6ED2</string>
			<key>isa</key>
			<string>PBXContainerItemProxy</string>
			<key>proxyType</key>
			<string>1</string>
			<key>remoteGlobalIDString</key>
			<string>7AC84EE1182444DD00FE6ED2</string>
			<key>remoteInfo</key>
			<string>Dubai Cares Microdonations</string>
		</dict>
		<key>7AC84F09182444DD00FE6ED2</key>
		<dict>
			<key>isa</key>
			<string>PBXTargetDependency</string>
			<key>target</key>
			<string>7AC84EE1182444DD00FE6ED2</string>
			<key>targetProxy</key>
			<string>7AC84F08182444DD00FE6ED2</string>
		</dict>
		<key>7AC84F0A182444DD00FE6ED2</key>
		<dict>
			<key>children</key>
			<array>
				<string>7AC84F10182444DD00FE6ED2</string>
				<string>7AC84F0B182444DD00FE6ED2</string>
			</array>
			<key>isa</key>
			<string>PBXGroup</string>
			<key>path</key>
			<string>Dubai Cares MicrodonationsTests</string>
			<key>sourceTree</key>
			<string>&lt;group&gt;</string>
		</dict>
		<key>7AC84F0B182444DD00FE6ED2</key>
		<dict>
			<key>children</key>
			<array>
				<string>7AC84F0C182444DD00FE6ED2</string>
			</array>
			<key>isa</key>
			<string>PBXGroup</string>
			<key>name</key>
			<string>Supporting Files</string>
			<key>sourceTree</key>
			<string>&lt;group&gt;</string>
		</dict>
		<key>7AC84F0C182444DD00FE6ED2</key>
		<dict>
			<key>isa</key>
			<string>PBXFileReference</string>
			<key>lastKnownFileType</key>
			<string>text.plist.xml</string>
			<key>path</key>
			<string>Dubai Cares MicrodonationsTests-Info.plist</string>
			<key>sourceTree</key>
			<string>&lt;group&gt;</string>
		</dict>
		<key>7AC84F10182444DD00FE6ED2</key>
		<dict>
			<key>isa</key>
			<string>PBXFileReference</string>
			<key>lastKnownFileType</key>
			<string>sourcecode.c.objc</string>
			<key>path</key>
			<string>Dubai_Cares_MicrodonationsTests.m</string>
			<key>sourceTree</key>
			<string>&lt;group&gt;</string>
		</dict>
		<key>7AC84F11182444DD00FE6ED2</key>
		<dict>
			<key>fileRef</key>
			<string>7AC84F10182444DD00FE6ED2</string>
			<key>isa</key>
			<string>PBXBuildFile</string>
		</dict>
		<key>7AC84F12182444DD00FE6ED2</key>
		<dict>
			<key>buildSettings</key>
			<dict>
				<key>ALWAYS_SEARCH_USER_PATHS</key>
				<string>NO</string>
				<key>ARCHS</key>
				<string>$(ARCHS_STANDARD_INCLUDING_64_BIT)</string>
				<key>CLANG_CXX_LANGUAGE_STANDARD</key>
				<string>gnu++0x</string>
				<key>CLANG_CXX_LIBRARY</key>
				<string>libc++</string>
				<key>CLANG_ENABLE_MODULES</key>
				<string>YES</string>
				<key>CLANG_ENABLE_OBJC_ARC</key>
				<string>YES</string>
				<key>CLANG_WARN_BOOL_CONVERSION</key>
				<string>YES</string>
				<key>CLANG_WARN_CONSTANT_CONVERSION</key>
				<string>YES</string>
				<key>CLANG_WARN_DIRECT_OBJC_ISA_USAGE</key>
				<string>YES_ERROR</string>
				<key>CLANG_WARN_EMPTY_BODY</key>
				<string>YES</string>
				<key>CLANG_WARN_ENUM_CONVERSION</key>
				<string>YES</string>
				<key>CLANG_WARN_INT_CONVERSION</key>
				<string>YES</string>
				<key>CLANG_WARN_OBJC_ROOT_CLASS</key>
				<string>YES_ERROR</string>
				<key>CLANG_WARN__DUPLICATE_METHOD_MATCH</key>
				<string>YES</string>
				<key>CODE_SIGN_IDENTITY[sdk=iphoneos*]</key>
				<string>iPhone Developer</string>
				<key>COPY_PHASE_STRIP</key>
				<string>NO</string>
				<key>GCC_C_LANGUAGE_STANDARD</key>
				<string>gnu99</string>
				<key>GCC_DYNAMIC_NO_PIC</key>
				<string>NO</string>
				<key>GCC_OPTIMIZATION_LEVEL</key>
				<string>0</string>
				<key>GCC_PREPROCESSOR_DEFINITIONS</key>
				<array>
					<string>DEBUG=1</string>
					<string>$(inherited)</string>
				</array>
				<key>GCC_SYMBOLS_PRIVATE_EXTERN</key>
				<string>NO</string>
				<key>GCC_WARN_64_TO_32_BIT_CONVERSION</key>
				<string>YES</string>
				<key>GCC_WARN_ABOUT_RETURN_TYPE</key>
				<string>YES_ERROR</string>
				<key>GCC_WARN_UNDECLARED_SELECTOR</key>
				<string>YES</string>
				<key>GCC_WARN_UNINITIALIZED_AUTOS</key>
				<string>YES</string>
				<key>GCC_WARN_UNUSED_FUNCTION</key>
				<string>YES</string>
				<key>GCC_WARN_UNUSED_VARIABLE</key>
				<string>YES</string>
				<key>IPHONEOS_DEPLOYMENT_TARGET</key>
				<string>7.0</string>
				<key>ONLY_ACTIVE_ARCH</key>
				<string>YES</string>
				<key>SDKROOT</key>
				<string>iphoneos</string>
			</dict>
			<key>isa</key>
			<string>XCBuildConfiguration</string>
			<key>name</key>
			<string>Debug</string>
		</dict>
		<key>7AC84F13182444DD00FE6ED2</key>
		<dict>
			<key>buildSettings</key>
			<dict>
				<key>ALWAYS_SEARCH_USER_PATHS</key>
				<string>NO</string>
				<key>ARCHS</key>
				<string>$(ARCHS_STANDARD_INCLUDING_64_BIT)</string>
				<key>CLANG_CXX_LANGUAGE_STANDARD</key>
				<string>gnu++0x</string>
				<key>CLANG_CXX_LIBRARY</key>
				<string>libc++</string>
				<key>CLANG_ENABLE_MODULES</key>
				<string>YES</string>
				<key>CLANG_ENABLE_OBJC_ARC</key>
				<string>YES</string>
				<key>CLANG_WARN_BOOL_CONVERSION</key>
				<string>YES</string>
				<key>CLANG_WARN_CONSTANT_CONVERSION</key>
				<string>YES</string>
				<key>CLANG_WARN_DIRECT_OBJC_ISA_USAGE</key>
				<string>YES_ERROR</string>
				<key>CLANG_WARN_EMPTY_BODY</key>
				<string>YES</string>
				<key>CLANG_WARN_ENUM_CONVERSION</key>
				<string>YES</string>
				<key>CLANG_WARN_INT_CONVERSION</key>
				<string>YES</string>
				<key>CLANG_WARN_OBJC_ROOT_CLASS</key>
				<string>YES_ERROR</string>
				<key>CLANG_WARN__DUPLICATE_METHOD_MATCH</key>
				<string>YES</string>
				<key>CODE_SIGN_IDENTITY[sdk=iphoneos*]</key>
				<string>iPhone Developer</string>
				<key>COPY_PHASE_STRIP</key>
				<string>YES</string>
				<key>ENABLE_NS_ASSERTIONS</key>
				<string>NO</string>
				<key>GCC_C_LANGUAGE_STANDARD</key>
				<string>gnu99</string>
				<key>GCC_WARN_64_TO_32_BIT_CONVERSION</key>
				<string>YES</string>
				<key>GCC_WARN_ABOUT_RETURN_TYPE</key>
				<string>YES_ERROR</string>
				<key>GCC_WARN_UNDECLARED_SELECTOR</key>
				<string>YES</string>
				<key>GCC_WARN_UNINITIALIZED_AUTOS</key>
				<string>YES</string>
				<key>GCC_WARN_UNUSED_FUNCTION</key>
				<string>YES</string>
				<key>GCC_WARN_UNUSED_VARIABLE</key>
				<string>YES</string>
				<key>IPHONEOS_DEPLOYMENT_TARGET</key>
				<string>7.0</string>
				<key>SDKROOT</key>
				<string>iphoneos</string>
				<key>VALIDATE_PRODUCT</key>
				<string>YES</string>
			</dict>
			<key>isa</key>
			<string>XCBuildConfiguration</string>
			<key>name</key>
			<string>Release</string>
		</dict>
		<key>7AC84F14182444DD00FE6ED2</key>
		<dict>
			<key>buildConfigurations</key>
			<array>
				<string>7AC84F15182444DD00FE6ED2</string>
				<string>7AC84F16182444DD00FE6ED2</string>
			</array>
			<key>defaultConfigurationIsVisible</key>
			<string>0</string>
			<key>defaultConfigurationName</key>
			<string>Release</string>
			<key>isa</key>
			<string>XCConfigurationList</string>
		</dict>
		<key>7AC84F15182444DD00FE6ED2</key>
		<dict>
			<key>baseConfigurationReference</key>
			<string>5057F238A84D47518902488F</string>
			<key>buildSettings</key>
			<dict>
				<key>ASSETCATALOG_COMPILER_APPICON_NAME</key>
				<string>AppIcon</string>
				<key>ASSETCATALOG_COMPILER_LAUNCHIMAGE_NAME</key>
				<string>LaunchImage</string>
				<key>CODE_SIGN_IDENTITY</key>
				<string>iPhone Developer</string>
				<key>GCC_PRECOMPILE_PREFIX_HEADER</key>
				<string>YES</string>
				<key>GCC_PREFIX_HEADER</key>
				<string>Dubai Cares Microdonations/Dubai Cares Microdonations-Prefix.pch</string>
				<key>INFOPLIST_FILE</key>
				<string>Dubai Cares Microdonations/Dubai Cares Microdonations-Info.plist</string>
				<key>PRODUCT_NAME</key>
				<string>$(TARGET_NAME)</string>
				<key>WRAPPER_EXTENSION</key>
				<string>app</string>
			</dict>
			<key>isa</key>
			<string>XCBuildConfiguration</string>
			<key>name</key>
			<string>Debug</string>
		</dict>
		<key>7AC84F16182444DD00FE6ED2</key>
		<dict>
			<key>baseConfigurationReference</key>
			<string>5057F238A84D47518902488F</string>
			<key>buildSettings</key>
			<dict>
				<key>ASSETCATALOG_COMPILER_APPICON_NAME</key>
				<string>AppIcon</string>
				<key>ASSETCATALOG_COMPILER_LAUNCHIMAGE_NAME</key>
				<string>LaunchImage</string>
				<key>CODE_SIGN_IDENTITY</key>
				<string>iPhone Developer</string>
				<key>GCC_PRECOMPILE_PREFIX_HEADER</key>
				<string>YES</string>
				<key>GCC_PREFIX_HEADER</key>
				<string>Dubai Cares Microdonations/Dubai Cares Microdonations-Prefix.pch</string>
				<key>INFOPLIST_FILE</key>
				<string>Dubai Cares Microdonations/Dubai Cares Microdonations-Info.plist</string>
				<key>PRODUCT_NAME</key>
				<string>$(TARGET_NAME)</string>
				<key>WRAPPER_EXTENSION</key>
				<string>app</string>
			</dict>
			<key>isa</key>
			<string>XCBuildConfiguration</string>
			<key>name</key>
			<string>Release</string>
		</dict>
		<key>7AC84F17182444DD00FE6ED2</key>
		<dict>
			<key>buildConfigurations</key>
			<array>
				<string>7AC84F18182444DD00FE6ED2</string>
				<string>7AC84F19182444DD00FE6ED2</string>
			</array>
			<key>defaultConfigurationIsVisible</key>
			<string>0</string>
			<key>defaultConfigurationName</key>
			<string>Release</string>
			<key>isa</key>
			<string>XCConfigurationList</string>
		</dict>
		<key>7AC84F18182444DD00FE6ED2</key>
		<dict>
			<key>buildSettings</key>
			<dict>
				<key>ARCHS</key>
				<string>$(ARCHS_STANDARD_INCLUDING_64_BIT)</string>
				<key>BUNDLE_LOADER</key>
				<string>$(BUILT_PRODUCTS_DIR)/Dubai Cares Microdonations.app/Dubai Cares Microdonations</string>
				<key>FRAMEWORK_SEARCH_PATHS</key>
				<array>
					<string>$(SDKROOT)/Developer/Library/Frameworks</string>
					<string>$(inherited)</string>
					<string>$(DEVELOPER_FRAMEWORKS_DIR)</string>
				</array>
				<key>GCC_PRECOMPILE_PREFIX_HEADER</key>
				<string>YES</string>
				<key>GCC_PREFIX_HEADER</key>
				<string>Dubai Cares Microdonations/Dubai Cares Microdonations-Prefix.pch</string>
				<key>GCC_PREPROCESSOR_DEFINITIONS</key>
				<array>
					<string>DEBUG=1</string>
					<string>$(inherited)</string>
				</array>
				<key>INFOPLIST_FILE</key>
				<string>Dubai Cares MicrodonationsTests/Dubai Cares MicrodonationsTests-Info.plist</string>
				<key>PRODUCT_NAME</key>
				<string>$(TARGET_NAME)</string>
				<key>TEST_HOST</key>
				<string>$(BUNDLE_LOADER)</string>
				<key>WRAPPER_EXTENSION</key>
				<string>xctest</string>
			</dict>
			<key>isa</key>
			<string>XCBuildConfiguration</string>
			<key>name</key>
			<string>Debug</string>
		</dict>
		<key>7AC84F19182444DD00FE6ED2</key>
		<dict>
			<key>buildSettings</key>
			<dict>
				<key>ARCHS</key>
				<string>$(ARCHS_STANDARD_INCLUDING_64_BIT)</string>
				<key>BUNDLE_LOADER</key>
				<string>$(BUILT_PRODUCTS_DIR)/Dubai Cares Microdonations.app/Dubai Cares Microdonations</string>
				<key>FRAMEWORK_SEARCH_PATHS</key>
				<array>
					<string>$(SDKROOT)/Developer/Library/Frameworks</string>
					<string>$(inherited)</string>
					<string>$(DEVELOPER_FRAMEWORKS_DIR)</string>
				</array>
				<key>GCC_PRECOMPILE_PREFIX_HEADER</key>
				<string>YES</string>
				<key>GCC_PREFIX_HEADER</key>
				<string>Dubai Cares Microdonations/Dubai Cares Microdonations-Prefix.pch</string>
				<key>INFOPLIST_FILE</key>
				<string>Dubai Cares MicrodonationsTests/Dubai Cares MicrodonationsTests-Info.plist</string>
				<key>PRODUCT_NAME</key>
				<string>$(TARGET_NAME)</string>
				<key>TEST_HOST</key>
				<string>$(BUNDLE_LOADER)</string>
				<key>WRAPPER_EXTENSION</key>
				<string>xctest</string>
			</dict>
			<key>isa</key>
			<string>XCBuildConfiguration</string>
			<key>name</key>
			<string>Release</string>
		</dict>
		<key>7AC84F1A1824470500FE6ED2</key>
		<dict>
			<key>isa</key>
			<string>PBXFileReference</string>
			<key>lastKnownFileType</key>
			<string>image.jpeg</string>
			<key>path</key>
			<string>dc-logo.jpg</string>
			<key>sourceTree</key>
			<string>&lt;group&gt;</string>
		</dict>
		<key>7AC84F1B1824470500FE6ED2</key>
		<dict>
			<key>fileRef</key>
			<string>7AC84F1A1824470500FE6ED2</string>
			<key>isa</key>
			<string>PBXBuildFile</string>
		</dict>
		<key>7AC84F1C1824470D00FE6ED2</key>
		<dict>
			<key>children</key>
			<array>
				<string>7ABB21CA183B63AC0089B3B6</string>
				<string>7ABB21C8183B63130089B3B6</string>
				<string>7ABB21B4183B60DD0089B3B6</string>
				<string>7ABB21B5183B60DD0089B3B6</string>
				<string>7ABB21B6183B60DD0089B3B6</string>
				<string>7ABB21B7183B60DD0089B3B6</string>
				<string>7ABB21B8183B60DD0089B3B6</string>
				<string>7ABB21B9183B60DD0089B3B6</string>
				<string>7ABB21BA183B60DD0089B3B6</string>
				<string>7ABB21BB183B60DD0089B3B6</string>
				<string>7ABB21BC183B60DD0089B3B6</string>
				<string>7ABB21BD183B60DD0089B3B6</string>
				<string>7ABB2162183A96580089B3B6</string>
				<string>7ABB2163183A96580089B3B6</string>
				<string>7ABB2164183A96580089B3B6</string>
				<string>7ABB2165183A96580089B3B6</string>
				<string>7AADF85518245C3D00227346</string>
				<string>7AADF85618245C3E00227346</string>
				<string>7AADF85718245C3E00227346</string>
				<string>7AADF85818245C3E00227346</string>
				<string>7AC84F1A1824470500FE6ED2</string>
			</array>
			<key>isa</key>
			<string>PBXGroup</string>
			<key>name</key>
			<string>img</string>
			<key>sourceTree</key>
			<string>&lt;group&gt;</string>
		</dict>
		<key>835FCFF1637543CF93AFEA07</key>
		<dict>
			<key>buildActionMask</key>
			<string>2147483647</string>
			<key>files</key>
			<array/>
			<key>inputPaths</key>
			<array/>
			<key>isa</key>
			<string>PBXShellScriptBuildPhase</string>
			<key>name</key>
			<string>Check Pods Manifest.lock</string>
			<key>outputPaths</key>
			<array/>
			<key>runOnlyForDeploymentPostprocessing</key>
			<string>0</string>
			<key>shellPath</key>
			<string>/bin/sh</string>
			<key>shellScript</key>
			<string>diff "${PODS_ROOT}/../Podfile.lock" "${PODS_ROOT}/Manifest.lock" &gt; /dev/null
if [[ $? != 0 ]] ; then
    cat &lt;&lt; EOM
error: The sandbox is not in sync with the Podfile.lock. Run 'pod install' or update your CocoaPods installation.
EOM
    exit 1
fi
</string>
			<key>showEnvVarsInLog</key>
			<string>0</string>
		</dict>
		<key>FD79FBA7FAFE46B6AC2AE01F</key>
		<dict>
			<key>explicitFileType</key>
			<string>archive.ar</string>
			<key>includeInIndex</key>
			<string>0</string>
			<key>isa</key>
			<string>PBXFileReference</string>
			<key>path</key>
			<string>libPods.a</string>
			<key>sourceTree</key>
			<string>BUILT_PRODUCTS_DIR</string>
		</dict>
	</dict>
	<key>rootObject</key>
	<string>7AC84EDA182444DD00FE6ED2</string>
</dict>
</plist>
