// !$*UTF8*$!
{
	archiveVersion = 1;
	classes = {
	};
	objectVersion = 46;
	objects = {

/* Begin PBXBuildFile section */
		7A5BD3D4183BDBA000794635 /* DCDataModel.m in Sources */ = {isa = PBXBuildFile; fileRef = 7A5BD3D3183BDBA000794635 /* DCDataModel.m */; };
		7A5BD3D7183BE75500794635 /* DCOccasionViewController.m in Sources */ = {isa = PBXBuildFile; fileRef = 7A5BD3D6183BE75500794635 /* DCOccasionViewController.m */; };
		7A5BD3DA183BEB1800794635 /* DCAmountViewController.m in Sources */ = {isa = PBXBuildFile; fileRef = 7A5BD3D9183BEB1800794635 /* DCAmountViewController.m */; };
		7A5BD3DD183BEE6E00794635 /* DCChooseContactViewController.m in Sources */ = {isa = PBXBuildFile; fileRef = 7A5BD3DC183BEE6E00794635 /* DCChooseContactViewController.m */; };
		7A5BD3E0183BFD3D00794635 /* TPKeyboardAvoidingScrollView.m in Sources */ = {isa = PBXBuildFile; fileRef = 7A5BD3DF183BFD3D00794635 /* TPKeyboardAvoidingScrollView.m */; };
		7A5BD3E3183BFE2800794635 /* UIScrollView+TPKeyboardAvoidingAdditions.m in Sources */ = {isa = PBXBuildFile; fileRef = 7A5BD3E2183BFE2800794635 /* UIScrollView+TPKeyboardAvoidingAdditions.m */; };
		7A5BD3E6183C089400794635 /* DCEditMessageViewController.m in Sources */ = {isa = PBXBuildFile; fileRef = 7A5BD3E5183C089300794635 /* DCEditMessageViewController.m */; };
		7AADF85918245C3E00227346 /* back3.jpg in Resources */ = {isa = PBXBuildFile; fileRef = 7AADF85518245C3D00227346 /* back3.jpg */; };
		7AADF85A18245C3E00227346 /* back4.jpg in Resources */ = {isa = PBXBuildFile; fileRef = 7AADF85618245C3E00227346 /* back4.jpg */; };
		7AADF85B18245C3E00227346 /* back5.jpg in Resources */ = {isa = PBXBuildFile; fileRef = 7AADF85718245C3E00227346 /* back5.jpg */; };
		7AADF85C18245C3E00227346 /* back6.jpg in Resources */ = {isa = PBXBuildFile; fileRef = 7AADF85818245C3E00227346 /* back6.jpg */; };
		7AADF8A51824788100227346 /* DCWorkViewController.m in Sources */ = {isa = PBXBuildFile; fileRef = 7AADF8A41824788100227346 /* DCWorkViewController.m */; };
		7ABB214B183A68760089B3B6 /* Reachability.m in Sources */ = {isa = PBXBuildFile; fileRef = 7ABB214A183A68760089B3B6 /* Reachability.m */; };
		7ABB2161183A8D0B0089B3B6 /* DCNewsViewController.m in Sources */ = {isa = PBXBuildFile; fileRef = 7ABB2160183A8D0B0089B3B6 /* DCNewsViewController.m */; };
		7ABB2166183A96580089B3B6 /* facebook_icon.png in Resources */ = {isa = PBXBuildFile; fileRef = 7ABB2162183A96580089B3B6 /* facebook_icon.png */; };
		7ABB2167183A96580089B3B6 /* instagram_icon.png in Resources */ = {isa = PBXBuildFile; fileRef = 7ABB2163183A96580089B3B6 /* instagram_icon.png */; };
		7ABB2168183A96580089B3B6 /* twitter_icon.png in Resources */ = {isa = PBXBuildFile; fileRef = 7ABB2164183A96580089B3B6 /* twitter_icon.png */; };
		7ABB2169183A96580089B3B6 /* youtube_icon.png in Resources */ = {isa = PBXBuildFile; fileRef = 7ABB2165183A96580089B3B6 /* youtube_icon.png */; };
		7ABB216E183A99AF0089B3B6 /* DCContactViewController.m in Sources */ = {isa = PBXBuildFile; fileRef = 7ABB216D183A99AF0089B3B6 /* DCContactViewController.m */; };
		7ABB21BE183B60DD0089B3B6 /* anniversary_green.png in Resources */ = {isa = PBXBuildFile; fileRef = 7ABB21B4183B60DD0089B3B6 /* anniversary_green.png */; };
		7ABB21BF183B60DD0089B3B6 /* anniversary_icon_blue.png in Resources */ = {isa = PBXBuildFile; fileRef = 7ABB21B5183B60DD0089B3B6 /* anniversary_icon_blue.png */; };
		7ABB21C0183B60DD0089B3B6 /* baby_icon_orange.png in Resources */ = {isa = PBXBuildFile; fileRef = 7ABB21B6183B60DD0089B3B6 /* baby_icon_orange.png */; };
		7ABB21C1183B60DD0089B3B6 /* birthday_icon_blue.png in Resources */ = {isa = PBXBuildFile; fileRef = 7ABB21B7183B60DD0089B3B6 /* birthday_icon_blue.png */; };
		7ABB21C2183B60DD0089B3B6 /* christmas.png in Resources */ = {isa = PBXBuildFile; fileRef = 7ABB21B8183B60DD0089B3B6 /* christmas.png */; };
		7ABB21C3183B60DD0089B3B6 /* eid_icon_orange.png in Resources */ = {isa = PBXBuildFile; fileRef = 7ABB21B9183B60DD0089B3B6 /* eid_icon_orange.png */; };
		7ABB21C4183B60DD0089B3B6 /* get_well_icon_yellow.png in Resources */ = {isa = PBXBuildFile; fileRef = 7ABB21BA183B60DD0089B3B6 /* get_well_icon_yellow.png */; };
		7ABB21C5183B60DD0089B3B6 /* graduation_icon_yellow.png in Resources */ = {isa = PBXBuildFile; fileRef = 7ABB21BB183B60DD0089B3B6 /* graduation_icon_yellow.png */; };
		7ABB21C6183B60DD0089B3B6 /* seasonsgreetings.png in Resources */ = {isa = PBXBuildFile; fileRef = 7ABB21BC183B60DD0089B3B6 /* seasonsgreetings.png */; };
		7ABB21C7183B60DD0089B3B6 /* sympathy_icon_green.png in Resources */ = {isa = PBXBuildFile; fileRef = 7ABB21BD183B60DD0089B3B6 /* sympathy_icon_green.png */; };
		7ABB21C9183B63130089B3B6 /* ramadan.png in Resources */ = {isa = PBXBuildFile; fileRef = 7ABB21C8183B63130089B3B6 /* ramadan.png */; };
		7ABB21CB183B63AC0089B3B6 /* other.png in Resources */ = {isa = PBXBuildFile; fileRef = 7ABB21CA183B63AC0089B3B6 /* other.png */; };
		7AC84EE6182444DD00FE6ED2 /* Foundation.framework in Frameworks */ = {isa = PBXBuildFile; fileRef = 7AC84EE5182444DD00FE6ED2 /* Foundation.framework */; };
		7AC84EE8182444DD00FE6ED2 /* CoreGraphics.framework in Frameworks */ = {isa = PBXBuildFile; fileRef = 7AC84EE7182444DD00FE6ED2 /* CoreGraphics.framework */; };
		7AC84EEA182444DD00FE6ED2 /* UIKit.framework in Frameworks */ = {isa = PBXBuildFile; fileRef = 7AC84EE9182444DD00FE6ED2 /* UIKit.framework */; };
		7AC84EF2182444DD00FE6ED2 /* main.m in Sources */ = {isa = PBXBuildFile; fileRef = 7AC84EF1182444DD00FE6ED2 /* main.m */; };
		7AC84EF6182444DD00FE6ED2 /* DCAppDelegate.m in Sources */ = {isa = PBXBuildFile; fileRef = 7AC84EF5182444DD00FE6ED2 /* DCAppDelegate.m */; };
		7AC84EF9182444DD00FE6ED2 /* Main.storyboard in Resources */ = {isa = PBXBuildFile; fileRef = 7AC84EF7182444DD00FE6ED2 /* Main.storyboard */; };
		7AC84EFC182444DD00FE6ED2 /* DCViewController.m in Sources */ = {isa = PBXBuildFile; fileRef = 7AC84EFB182444DD00FE6ED2 /* DCViewController.m */; };
		7AC84EFE182444DD00FE6ED2 /* Images.xcassets in Resources */ = {isa = PBXBuildFile; fileRef = 7AC84EFD182444DD00FE6ED2 /* Images.xcassets */; };
		7AC84F05182444DD00FE6ED2 /* XCTest.framework in Frameworks */ = {isa = PBXBuildFile; fileRef = 7AC84F04182444DD00FE6ED2 /* XCTest.framework */; };
		7AC84F06182444DD00FE6ED2 /* Foundation.framework in Frameworks */ = {isa = PBXBuildFile; fileRef = 7AC84EE5182444DD00FE6ED2 /* Foundation.framework */; };
		7AC84F07182444DD00FE6ED2 /* UIKit.framework in Frameworks */ = {isa = PBXBuildFile; fileRef = 7AC84EE9182444DD00FE6ED2 /* UIKit.framework */; };
		7AC84F11182444DD00FE6ED2 /* Dubai_Cares_MicrodonationsTests.m in Sources */ = {isa = PBXBuildFile; fileRef = 7AC84F10182444DD00FE6ED2 /* Dubai_Cares_MicrodonationsTests.m */; };
		7AC84F1B1824470500FE6ED2 /* dc-logo.jpg in Resources */ = {isa = PBXBuildFile; fileRef = 7AC84F1A1824470500FE6ED2 /* dc-logo.jpg */; };
/* End PBXBuildFile section */

/* Begin PBXContainerItemProxy section */
		7AC84F08182444DD00FE6ED2 /* PBXContainerItemProxy */ = {
			isa = PBXContainerItemProxy;
			containerPortal = 7AC84EDA182444DD00FE6ED2 /* Project object */;
			proxyType = 1;
			remoteGlobalIDString = 7AC84EE1182444DD00FE6ED2;
			remoteInfo = "Dubai Cares Microdonations";
		};
/* End PBXContainerItemProxy section */

/* Begin PBXFileReference section */
		7A5BD3D2183BDBA000794635 /* DCDataModel.h */ = {isa = PBXFileReference; fileEncoding = 4; lastKnownFileType = sourcecode.c.h; path = DCDataModel.h; sourceTree = "<group>"; };
		7A5BD3D3183BDBA000794635 /* DCDataModel.m */ = {isa = PBXFileReference; fileEncoding = 4; lastKnownFileType = sourcecode.c.objc; path = DCDataModel.m; sourceTree = "<group>"; };
		7A5BD3D5183BE75500794635 /* DCOccasionViewController.h */ = {isa = PBXFileReference; fileEncoding = 4; lastKnownFileType = sourcecode.c.h; path = DCOccasionViewController.h; sourceTree = "<group>"; };
		7A5BD3D6183BE75500794635 /* DCOccasionViewController.m */ = {isa = PBXFileReference; fileEncoding = 4; lastKnownFileType = sourcecode.c.objc; path = DCOccasionViewController.m; sourceTree = "<group>"; };
		7A5BD3D8183BEB1800794635 /* DCAmountViewController.h */ = {isa = PBXFileReference; fileEncoding = 4; lastKnownFileType = sourcecode.c.h; path = DCAmountViewController.h; sourceTree = "<group>"; };
		7A5BD3D9183BEB1800794635 /* DCAmountViewController.m */ = {isa = PBXFileReference; fileEncoding = 4; lastKnownFileType = sourcecode.c.objc; path = DCAmountViewController.m; sourceTree = "<group>"; };
		7A5BD3DB183BEE6E00794635 /* DCChooseContactViewController.h */ = {isa = PBXFileReference; fileEncoding = 4; lastKnownFileType = sourcecode.c.h; path = DCChooseContactViewController.h; sourceTree = "<group>"; };
		7A5BD3DC183BEE6E00794635 /* DCChooseContactViewController.m */ = {isa = PBXFileReference; fileEncoding = 4; lastKnownFileType = sourcecode.c.objc; path = DCChooseContactViewController.m; sourceTree = "<group>"; };
		7A5BD3DE183BFD3D00794635 /* TPKeyboardAvoidingScrollView.h */ = {isa = PBXFileReference; fileEncoding = 4; lastKnownFileType = sourcecode.c.h; path = TPKeyboardAvoidingScrollView.h; sourceTree = "<group>"; };
		7A5BD3DF183BFD3D00794635 /* TPKeyboardAvoidingScrollView.m */ = {isa = PBXFileReference; fileEncoding = 4; lastKnownFileType = sourcecode.c.objc; path = TPKeyboardAvoidingScrollView.m; sourceTree = "<group>"; };
		7A5BD3E1183BFE2800794635 /* UIScrollView+TPKeyboardAvoidingAdditions.h */ = {isa = PBXFileReference; fileEncoding = 4; lastKnownFileType = sourcecode.c.h; path = "UIScrollView+TPKeyboardAvoidingAdditions.h"; sourceTree = "<group>"; };
		7A5BD3E2183BFE2800794635 /* UIScrollView+TPKeyboardAvoidingAdditions.m */ = {isa = PBXFileReference; fileEncoding = 4; lastKnownFileType = sourcecode.c.objc; path = "UIScrollView+TPKeyboardAvoidingAdditions.m"; sourceTree = "<group>"; };
		7A5BD3E4183C089300794635 /* DCEditMessageViewController.h */ = {isa = PBXFileReference; fileEncoding = 4; lastKnownFileType = sourcecode.c.h; path = DCEditMessageViewController.h; sourceTree = "<group>"; };
		7A5BD3E5183C089300794635 /* DCEditMessageViewController.m */ = {isa = PBXFileReference; fileEncoding = 4; lastKnownFileType = sourcecode.c.objc; path = DCEditMessageViewController.m; sourceTree = "<group>"; };
		7AADF85518245C3D00227346 /* back3.jpg */ = {isa = PBXFileReference; lastKnownFileType = image.jpeg; path = back3.jpg; sourceTree = "<group>"; };
		7AADF85618245C3E00227346 /* back4.jpg */ = {isa = PBXFileReference; lastKnownFileType = image.jpeg; path = back4.jpg; sourceTree = "<group>"; };
		7AADF85718245C3E00227346 /* back5.jpg */ = {isa = PBXFileReference; lastKnownFileType = image.jpeg; path = back5.jpg; sourceTree = "<group>"; };
		7AADF85818245C3E00227346 /* back6.jpg */ = {isa = PBXFileReference; lastKnownFileType = image.jpeg; path = back6.jpg; sourceTree = "<group>"; };
		7AADF8A31824788100227346 /* DCWorkViewController.h */ = {isa = PBXFileReference; fileEncoding = 4; lastKnownFileType = sourcecode.c.h; path = DCWorkViewController.h; sourceTree = "<group>"; };
		7AADF8A41824788100227346 /* DCWorkViewController.m */ = {isa = PBXFileReference; fileEncoding = 4; lastKnownFileType = sourcecode.c.objc; path = DCWorkViewController.m; sourceTree = "<group>"; };
		7ABB2149183A68760089B3B6 /* Reachability.h */ = {isa = PBXFileReference; fileEncoding = 4; lastKnownFileType = sourcecode.c.h; path = Reachability.h; sourceTree = "<group>"; };
		7ABB214A183A68760089B3B6 /* Reachability.m */ = {isa = PBXFileReference; fileEncoding = 4; lastKnownFileType = sourcecode.c.objc; path = Reachability.m; sourceTree = "<group>"; };
		7ABB215F183A8D0B0089B3B6 /* DCNewsViewController.h */ = {isa = PBXFileReference; fileEncoding = 4; lastKnownFileType = sourcecode.c.h; path = DCNewsViewController.h; sourceTree = "<group>"; };
		7ABB2160183A8D0B0089B3B6 /* DCNewsViewController.m */ = {isa = PBXFileReference; fileEncoding = 4; lastKnownFileType = sourcecode.c.objc; path = DCNewsViewController.m; sourceTree = "<group>"; };
		7ABB2162183A96580089B3B6 /* facebook_icon.png */ = {isa = PBXFileReference; lastKnownFileType = image.png; path = facebook_icon.png; sourceTree = "<group>"; };
		7ABB2163183A96580089B3B6 /* instagram_icon.png */ = {isa = PBXFileReference; lastKnownFileType = image.png; path = instagram_icon.png; sourceTree = "<group>"; };
		7ABB2164183A96580089B3B6 /* twitter_icon.png */ = {isa = PBXFileReference; lastKnownFileType = image.png; path = twitter_icon.png; sourceTree = "<group>"; };
		7ABB2165183A96580089B3B6 /* youtube_icon.png */ = {isa = PBXFileReference; lastKnownFileType = image.png; path = youtube_icon.png; sourceTree = "<group>"; };
		7ABB216C183A99AF0089B3B6 /* DCContactViewController.h */ = {isa = PBXFileReference; fileEncoding = 4; lastKnownFileType = sourcecode.c.h; path = DCContactViewController.h; sourceTree = "<group>"; };
		7ABB216D183A99AF0089B3B6 /* DCContactViewController.m */ = {isa = PBXFileReference; fileEncoding = 4; lastKnownFileType = sourcecode.c.objc; path = DCContactViewController.m; sourceTree = "<group>"; };
		7ABB21B4183B60DD0089B3B6 /* anniversary_green.png */ = {isa = PBXFileReference; lastKnownFileType = image.png; path = anniversary_green.png; sourceTree = "<group>"; };
		7ABB21B5183B60DD0089B3B6 /* anniversary_icon_blue.png */ = {isa = PBXFileReference; lastKnownFileType = image.png; path = anniversary_icon_blue.png; sourceTree = "<group>"; };
		7ABB21B6183B60DD0089B3B6 /* baby_icon_orange.png */ = {isa = PBXFileReference; lastKnownFileType = image.png; path = baby_icon_orange.png; sourceTree = "<group>"; };
		7ABB21B7183B60DD0089B3B6 /* birthday_icon_blue.png */ = {isa = PBXFileReference; lastKnownFileType = image.png; path = birthday_icon_blue.png; sourceTree = "<group>"; };
		7ABB21B8183B60DD0089B3B6 /* christmas.png */ = {isa = PBXFileReference; lastKnownFileType = image.png; path = christmas.png; sourceTree = "<group>"; };
		7ABB21B9183B60DD0089B3B6 /* eid_icon_orange.png */ = {isa = PBXFileReference; lastKnownFileType = image.png; path = eid_icon_orange.png; sourceTree = "<group>"; };
		7ABB21BA183B60DD0089B3B6 /* get_well_icon_yellow.png */ = {isa = PBXFileReference; lastKnownFileType = image.png; path = get_well_icon_yellow.png; sourceTree = "<group>"; };
		7ABB21BB183B60DD0089B3B6 /* graduation_icon_yellow.png */ = {isa = PBXFileReference; lastKnownFileType = image.png; path = graduation_icon_yellow.png; sourceTree = "<group>"; };
		7ABB21BC183B60DD0089B3B6 /* seasonsgreetings.png */ = {isa = PBXFileReference; lastKnownFileType = image.png; path = seasonsgreetings.png; sourceTree = "<group>"; };
		7ABB21BD183B60DD0089B3B6 /* sympathy_icon_green.png */ = {isa = PBXFileReference; lastKnownFileType = image.png; path = sympathy_icon_green.png; sourceTree = "<group>"; };
		7ABB21C8183B63130089B3B6 /* ramadan.png */ = {isa = PBXFileReference; lastKnownFileType = image.png; path = ramadan.png; sourceTree = "<group>"; };
		7ABB21CA183B63AC0089B3B6 /* other.png */ = {isa = PBXFileReference; lastKnownFileType = image.png; path = other.png; sourceTree = "<group>"; };
		7AC84EE2182444DD00FE6ED2 /* Dubai Cares Microdonations.app */ = {isa = PBXFileReference; explicitFileType = wrapper.application; includeInIndex = 0; path = "Dubai Cares Microdonations.app"; sourceTree = BUILT_PRODUCTS_DIR; };
		7AC84EE5182444DD00FE6ED2 /* Foundation.framework */ = {isa = PBXFileReference; lastKnownFileType = wrapper.framework; name = Foundation.framework; path = System/Library/Frameworks/Foundation.framework; sourceTree = SDKROOT; };
		7AC84EE7182444DD00FE6ED2 /* CoreGraphics.framework */ = {isa = PBXFileReference; lastKnownFileType = wrapper.framework; name = CoreGraphics.framework; path = System/Library/Frameworks/CoreGraphics.framework; sourceTree = SDKROOT; };
		7AC84EE9182444DD00FE6ED2 /* UIKit.framework */ = {isa = PBXFileReference; lastKnownFileType = wrapper.framework; name = UIKit.framework; path = System/Library/Frameworks/UIKit.framework; sourceTree = SDKROOT; };
		7AC84EED182444DD00FE6ED2 /* Dubai Cares Microdonations-Info.plist */ = {isa = PBXFileReference; lastKnownFileType = text.plist.xml; path = "Dubai Cares Microdonations-Info.plist"; sourceTree = "<group>"; };
		7AC84EF1182444DD00FE6ED2 /* main.m */ = {isa = PBXFileReference; lastKnownFileType = sourcecode.c.objc; path = main.m; sourceTree = "<group>"; };
		7AC84EF3182444DD00FE6ED2 /* Dubai Cares Microdonations-Prefix.pch */ = {isa = PBXFileReference; lastKnownFileType = sourcecode.c.h; path = "Dubai Cares Microdonations-Prefix.pch"; sourceTree = "<group>"; };
		7AC84EF4182444DD00FE6ED2 /* DCAppDelegate.h */ = {isa = PBXFileReference; lastKnownFileType = sourcecode.c.h; path = DCAppDelegate.h; sourceTree = "<group>"; };
		7AC84EF5182444DD00FE6ED2 /* DCAppDelegate.m */ = {isa = PBXFileReference; lastKnownFileType = sourcecode.c.objc; path = DCAppDelegate.m; sourceTree = "<group>"; };
		7AC84EF8182444DD00FE6ED2 /* Base */ = {isa = PBXFileReference; lastKnownFileType = file.storyboard; name = Base; path = Base.lproj/Main.storyboard; sourceTree = "<group>"; };
		7AC84EFA182444DD00FE6ED2 /* DCViewController.h */ = {isa = PBXFileReference; lastKnownFileType = sourcecode.c.h; path = DCViewController.h; sourceTree = "<group>"; };
		7AC84EFB182444DD00FE6ED2 /* DCViewController.m */ = {isa = PBXFileReference; lastKnownFileType = sourcecode.c.objc; path = DCViewController.m; sourceTree = "<group>"; };
		7AC84EFD182444DD00FE6ED2 /* Images.xcassets */ = {isa = PBXFileReference; lastKnownFileType = folder.assetcatalog; path = Images.xcassets; sourceTree = "<group>"; };
		7AC84F03182444DD00FE6ED2 /* Dubai Cares MicrodonationsTests.xctest */ = {isa = PBXFileReference; explicitFileType = wrapper.cfbundle; includeInIndex = 0; path = "Dubai Cares MicrodonationsTests.xctest"; sourceTree = BUILT_PRODUCTS_DIR; };
		7AC84F04182444DD00FE6ED2 /* XCTest.framework */ = {isa = PBXFileReference; lastKnownFileType = wrapper.framework; name = XCTest.framework; path = Library/Frameworks/XCTest.framework; sourceTree = DEVELOPER_DIR; };
		7AC84F0C182444DD00FE6ED2 /* Dubai Cares MicrodonationsTests-Info.plist */ = {isa = PBXFileReference; lastKnownFileType = text.plist.xml; path = "Dubai Cares MicrodonationsTests-Info.plist"; sourceTree = "<group>"; };
		7AC84F10182444DD00FE6ED2 /* Dubai_Cares_MicrodonationsTests.m */ = {isa = PBXFileReference; lastKnownFileType = sourcecode.c.objc; path = Dubai_Cares_MicrodonationsTests.m; sourceTree = "<group>"; };
		7AC84F1A1824470500FE6ED2 /* dc-logo.jpg */ = {isa = PBXFileReference; lastKnownFileType = image.jpeg; path = "dc-logo.jpg"; sourceTree = "<group>"; };
/* End PBXFileReference section */

/* Begin PBXFrameworksBuildPhase section */
		7AC84EDF182444DD00FE6ED2 /* Frameworks */ = {
			isa = PBXFrameworksBuildPhase;
			buildActionMask = 2147483647;
			files = (
				7AC84EE8182444DD00FE6ED2 /* CoreGraphics.framework in Frameworks */,
				7AC84EEA182444DD00FE6ED2 /* UIKit.framework in Frameworks */,
				7AC84EE6182444DD00FE6ED2 /* Foundation.framework in Frameworks */,
			);
			runOnlyForDeploymentPostprocessing = 0;
		};
		7AC84F00182444DD00FE6ED2 /* Frameworks */ = {
			isa = PBXFrameworksBuildPhase;
			buildActionMask = 2147483647;
			files = (
				7AC84F05182444DD00FE6ED2 /* XCTest.framework in Frameworks */,
				7AC84F07182444DD00FE6ED2 /* UIKit.framework in Frameworks */,
				7AC84F06182444DD00FE6ED2 /* Foundation.framework in Frameworks */,
			);
			runOnlyForDeploymentPostprocessing = 0;
		};
/* End PBXFrameworksBuildPhase section */

/* Begin PBXGroup section */
		7ABB2148183A685D0089B3B6 /* Resources */ = {
			isa = PBXGroup;
			children = (
				7A5BD3DE183BFD3D00794635 /* TPKeyboardAvoidingScrollView.h */,
				7A5BD3DF183BFD3D00794635 /* TPKeyboardAvoidingScrollView.m */,
				7A5BD3E1183BFE2800794635 /* UIScrollView+TPKeyboardAvoidingAdditions.h */,
				7A5BD3E2183BFE2800794635 /* UIScrollView+TPKeyboardAvoidingAdditions.m */,
				7ABB2149183A68760089B3B6 /* Reachability.h */,
				7ABB214A183A68760089B3B6 /* Reachability.m */,
				7AC84F1C1824470D00FE6ED2 /* img */,
			);
			name = Resources;
			sourceTree = "<group>";
		};
		7AC84ED9182444DD00FE6ED2 = {
			isa = PBXGroup;
			children = (
				7AC84EEB182444DD00FE6ED2 /* Dubai Cares Microdonations */,
				7AC84F0A182444DD00FE6ED2 /* Dubai Cares MicrodonationsTests */,
				7AC84EE4182444DD00FE6ED2 /* Frameworks */,
				7AC84EE3182444DD00FE6ED2 /* Products */,
			);
			sourceTree = "<group>";
		};
		7AC84EE3182444DD00FE6ED2 /* Products */ = {
			isa = PBXGroup;
			children = (
				7AC84EE2182444DD00FE6ED2 /* Dubai Cares Microdonations.app */,
				7AC84F03182444DD00FE6ED2 /* Dubai Cares MicrodonationsTests.xctest */,
			);
			name = Products;
			sourceTree = "<group>";
		};
		7AC84EE4182444DD00FE6ED2 /* Frameworks */ = {
			isa = PBXGroup;
			children = (
				7AC84EE5182444DD00FE6ED2 /* Foundation.framework */,
				7AC84EE7182444DD00FE6ED2 /* CoreGraphics.framework */,
				7AC84EE9182444DD00FE6ED2 /* UIKit.framework */,
				7AC84F04182444DD00FE6ED2 /* XCTest.framework */,
			);
			name = Frameworks;
			sourceTree = "<group>";
		};
		7AC84EEB182444DD00FE6ED2 /* Dubai Cares Microdonations */ = {
			isa = PBXGroup;
			children = (
				7ABB2148183A685D0089B3B6 /* Resources */,
				7AC84EF4182444DD00FE6ED2 /* DCAppDelegate.h */,
				7AC84EF5182444DD00FE6ED2 /* DCAppDelegate.m */,
				7AADF8A31824788100227346 /* DCWorkViewController.h */,
				7AADF8A41824788100227346 /* DCWorkViewController.m */,
				7AC84EFA182444DD00FE6ED2 /* DCViewController.h */,
				7AC84EFB182444DD00FE6ED2 /* DCViewController.m */,
				7ABB215F183A8D0B0089B3B6 /* DCNewsViewController.h */,
				7ABB2160183A8D0B0089B3B6 /* DCNewsViewController.m */,
				7ABB216C183A99AF0089B3B6 /* DCContactViewController.h */,
				7ABB216D183A99AF0089B3B6 /* DCContactViewController.m */,
				7A5BD3D5183BE75500794635 /* DCOccasionViewController.h */,
				7A5BD3D6183BE75500794635 /* DCOccasionViewController.m */,
				7AC84EF7182444DD00FE6ED2 /* Main.storyboard */,
				7A5BD3E4183C089300794635 /* DCEditMessageViewController.h */,
				7A5BD3E5183C089300794635 /* DCEditMessageViewController.m */,
				7A5BD3D8183BEB1800794635 /* DCAmountViewController.h */,
				7A5BD3D9183BEB1800794635 /* DCAmountViewController.m */,
				7A5BD3DB183BEE6E00794635 /* DCChooseContactViewController.h */,
				7A5BD3DC183BEE6E00794635 /* DCChooseContactViewController.m */,
				7A5BD3D2183BDBA000794635 /* DCDataModel.h */,
				7A5BD3D3183BDBA000794635 /* DCDataModel.m */,
				7AC84EFD182444DD00FE6ED2 /* Images.xcassets */,
				7AC84EEC182444DD00FE6ED2 /* Supporting Files */,
			);
			path = "Dubai Cares Microdonations";
			sourceTree = "<group>";
		};
		7AC84EEC182444DD00FE6ED2 /* Supporting Files */ = {
			isa = PBXGroup;
			children = (
				7AC84EED182444DD00FE6ED2 /* Dubai Cares Microdonations-Info.plist */,
				7AC84EF1182444DD00FE6ED2 /* main.m */,
				7AC84EF3182444DD00FE6ED2 /* Dubai Cares Microdonations-Prefix.pch */,
			);
			name = "Supporting Files";
			sourceTree = "<group>";
		};
		7AC84F0A182444DD00FE6ED2 /* Dubai Cares MicrodonationsTests */ = {
			isa = PBXGroup;
			children = (
				7AC84F10182444DD00FE6ED2 /* Dubai_Cares_MicrodonationsTests.m */,
				7AC84F0B182444DD00FE6ED2 /* Supporting Files */,
			);
			path = "Dubai Cares MicrodonationsTests";
			sourceTree = "<group>";
		};
		7AC84F0B182444DD00FE6ED2 /* Supporting Files */ = {
			isa = PBXGroup;
			children = (
				7AC84F0C182444DD00FE6ED2 /* Dubai Cares MicrodonationsTests-Info.plist */,
			);
			name = "Supporting Files";
			sourceTree = "<group>";
		};
		7AC84F1C1824470D00FE6ED2 /* img */ = {
			isa = PBXGroup;
			children = (
				7ABB21CA183B63AC0089B3B6 /* other.png */,
				7ABB21C8183B63130089B3B6 /* ramadan.png */,
				7ABB21B4183B60DD0089B3B6 /* anniversary_green.png */,
				7ABB21B5183B60DD0089B3B6 /* anniversary_icon_blue.png */,
				7ABB21B6183B60DD0089B3B6 /* baby_icon_orange.png */,
				7ABB21B7183B60DD0089B3B6 /* birthday_icon_blue.png */,
				7ABB21B8183B60DD0089B3B6 /* christmas.png */,
				7ABB21B9183B60DD0089B3B6 /* eid_icon_orange.png */,
				7ABB21BA183B60DD0089B3B6 /* get_well_icon_yellow.png */,
				7ABB21BB183B60DD0089B3B6 /* graduation_icon_yellow.png */,
				7ABB21BC183B60DD0089B3B6 /* seasonsgreetings.png */,
				7ABB21BD183B60DD0089B3B6 /* sympathy_icon_green.png */,
				7ABB2162183A96580089B3B6 /* facebook_icon.png */,
				7ABB2163183A96580089B3B6 /* instagram_icon.png */,
				7ABB2164183A96580089B3B6 /* twitter_icon.png */,
				7ABB2165183A96580089B3B6 /* youtube_icon.png */,
				7AADF85518245C3D00227346 /* back3.jpg */,
				7AADF85618245C3E00227346 /* back4.jpg */,
				7AADF85718245C3E00227346 /* back5.jpg */,
				7AADF85818245C3E00227346 /* back6.jpg */,
				7AC84F1A1824470500FE6ED2 /* dc-logo.jpg */,
			);
			name = img;
			sourceTree = "<group>";
		};
/* End PBXGroup section */

/* Begin PBXNativeTarget section */
		7AC84EE1182444DD00FE6ED2 /* Dubai Cares Microdonations */ = {
			isa = PBXNativeTarget;
			buildConfigurationList = 7AC84F14182444DD00FE6ED2 /* Build configuration list for PBXNativeTarget "Dubai Cares Microdonations" */;
			buildPhases = (
				7AC84EDE182444DD00FE6ED2 /* Sources */,
				7AC84EDF182444DD00FE6ED2 /* Frameworks */,
				7AC84EE0182444DD00FE6ED2 /* Resources */,
			);
			buildRules = (
			);
			dependencies = (
			);
			name = "Dubai Cares Microdonations";
			productName = "Dubai Cares Microdonations";
			productReference = 7AC84EE2182444DD00FE6ED2 /* Dubai Cares Microdonations.app */;
			productType = "com.apple.product-type.application";
		};
		7AC84F02182444DD00FE6ED2 /* Dubai Cares MicrodonationsTests */ = {
			isa = PBXNativeTarget;
			buildConfigurationList = 7AC84F17182444DD00FE6ED2 /* Build configuration list for PBXNativeTarget "Dubai Cares MicrodonationsTests" */;
			buildPhases = (
				7AC84EFF182444DD00FE6ED2 /* Sources */,
				7AC84F00182444DD00FE6ED2 /* Frameworks */,
				7AC84F01182444DD00FE6ED2 /* Resources */,
			);
			buildRules = (
			);
			dependencies = (
				7AC84F09182444DD00FE6ED2 /* PBXTargetDependency */,
			);
			name = "Dubai Cares MicrodonationsTests";
			productName = "Dubai Cares MicrodonationsTests";
			productReference = 7AC84F03182444DD00FE6ED2 /* Dubai Cares MicrodonationsTests.xctest */;
			productType = "com.apple.product-type.bundle.unit-test";
		};
/* End PBXNativeTarget section */

/* Begin PBXProject section */
		7AC84EDA182444DD00FE6ED2 /* Project object */ = {
			isa = PBXProject;
			attributes = {
				CLASSPREFIX = DC;
				LastUpgradeCheck = 0500;
				ORGANIZATIONNAME = "Dubai Cares";
				TargetAttributes = {
					7AC84EE1182444DD00FE6ED2 = {
						DevelopmentTeam = 68BKCT869S;
					};
					7AC84F02182444DD00FE6ED2 = {
						TestTargetID = 7AC84EE1182444DD00FE6ED2;
					};
				};
			};
			buildConfigurationList = 7AC84EDD182444DD00FE6ED2 /* Build configuration list for PBXProject "Dubai Cares Microdonations" */;
			compatibilityVersion = "Xcode 3.2";
			developmentRegion = English;
			hasScannedForEncodings = 0;
			knownRegions = (
				en,
				Base,
			);
			mainGroup = 7AC84ED9182444DD00FE6ED2;
			productRefGroup = 7AC84EE3182444DD00FE6ED2 /* Products */;
			projectDirPath = "";
			projectRoot = "";
			targets = (
				7AC84EE1182444DD00FE6ED2 /* Dubai Cares Microdonations */,
				7AC84F02182444DD00FE6ED2 /* Dubai Cares MicrodonationsTests */,
			);
		};
/* End PBXProject section */

/* Begin PBXResourcesBuildPhase section */
		7AC84EE0182444DD00FE6ED2 /* Resources */ = {
			isa = PBXResourcesBuildPhase;
			buildActionMask = 2147483647;
			files = (
				7ABB2169183A96580089B3B6 /* youtube_icon.png in Resources */,
				7ABB21C1183B60DD0089B3B6 /* birthday_icon_blue.png in Resources */,
				7ABB21C3183B60DD0089B3B6 /* eid_icon_orange.png in Resources */,
				7ABB21C6183B60DD0089B3B6 /* seasonsgreetings.png in Resources */,
				7ABB21C9183B63130089B3B6 /* ramadan.png in Resources */,
				7AADF85B18245C3E00227346 /* back5.jpg in Resources */,
				7ABB21C0183B60DD0089B3B6 /* baby_icon_orange.png in Resources */,
				7ABB21C4183B60DD0089B3B6 /* get_well_icon_yellow.png in Resources */,
				7ABB21BE183B60DD0089B3B6 /* anniversary_green.png in Resources */,
				7AADF85A18245C3E00227346 /* back4.jpg in Resources */,
				7ABB21C5183B60DD0089B3B6 /* graduation_icon_yellow.png in Resources */,
				7AADF85918245C3E00227346 /* back3.jpg in Resources */,
				7AADF85C18245C3E00227346 /* back6.jpg in Resources */,
				7ABB2168183A96580089B3B6 /* twitter_icon.png in Resources */,
				7ABB21C7183B60DD0089B3B6 /* sympathy_icon_green.png in Resources */,
				7AC84EFE182444DD00FE6ED2 /* Images.xcassets in Resources */,
				7ABB2167183A96580089B3B6 /* instagram_icon.png in Resources */,
				7AC84EF9182444DD00FE6ED2 /* Main.storyboard in Resources */,
				7ABB2166183A96580089B3B6 /* facebook_icon.png in Resources */,
				7AC84F1B1824470500FE6ED2 /* dc-logo.jpg in Resources */,
				7ABB21C2183B60DD0089B3B6 /* christmas.png in Resources */,
				7ABB21CB183B63AC0089B3B6 /* other.png in Resources */,
				7ABB21BF183B60DD0089B3B6 /* anniversary_icon_blue.png in Resources */,
			);
			runOnlyForDeploymentPostprocessing = 0;
		};
		7AC84F01182444DD00FE6ED2 /* Resources */ = {
			isa = PBXResourcesBuildPhase;
			buildActionMask = 2147483647;
			files = (
			);
			runOnlyForDeploymentPostprocessing = 0;
		};
/* End PBXResourcesBuildPhase section */

/* Begin PBXSourcesBuildPhase section */
		7AC84EDE182444DD00FE6ED2 /* Sources */ = {
			isa = PBXSourcesBuildPhase;
			buildActionMask = 2147483647;
			files = (
				7AC84EF2182444DD00FE6ED2 /* main.m in Sources */,
				7AC84EFC182444DD00FE6ED2 /* DCViewController.m in Sources */,
				7A5BD3DD183BEE6E00794635 /* DCChooseContactViewController.m in Sources */,
				7A5BD3E6183C089400794635 /* DCEditMessageViewController.m in Sources */,
				7A5BD3E3183BFE2800794635 /* UIScrollView+TPKeyboardAvoidingAdditions.m in Sources */,
				7A5BD3D4183BDBA000794635 /* DCDataModel.m in Sources */,
				7A5BD3DA183BEB1800794635 /* DCAmountViewController.m in Sources */,
				7AADF8A51824788100227346 /* DCWorkViewController.m in Sources */,
				7A5BD3D7183BE75500794635 /* DCOccasionViewController.m in Sources */,
				7AC84EF6182444DD00FE6ED2 /* DCAppDelegate.m in Sources */,
				7ABB2161183A8D0B0089B3B6 /* DCNewsViewController.m in Sources */,
				7A5BD3E0183BFD3D00794635 /* TPKeyboardAvoidingScrollView.m in Sources */,
				7ABB214B183A68760089B3B6 /* Reachability.m in Sources */,
				7ABB216E183A99AF0089B3B6 /* DCContactViewController.m in Sources */,
			);
			runOnlyForDeploymentPostprocessing = 0;
		};
		7AC84EFF182444DD00FE6ED2 /* Sources */ = {
			isa = PBXSourcesBuildPhase;
			buildActionMask = 2147483647;
			files = (
				7AC84F11182444DD00FE6ED2 /* Dubai_Cares_MicrodonationsTests.m in Sources */,
			);
			runOnlyForDeploymentPostprocessing = 0;
		};
/* End PBXSourcesBuildPhase section */

/* Begin PBXTargetDependency section */
		7AC84F09182444DD00FE6ED2 /* PBXTargetDependency */ = {
			isa = PBXTargetDependency;
			target = 7AC84EE1182444DD00FE6ED2 /* Dubai Cares Microdonations */;
			targetProxy = 7AC84F08182444DD00FE6ED2 /* PBXContainerItemProxy */;
		};
/* End PBXTargetDependency section */

/* Begin PBXVariantGroup section */
		7AC84EF7182444DD00FE6ED2 /* Main.storyboard */ = {
			isa = PBXVariantGroup;
			children = (
				7AC84EF8182444DD00FE6ED2 /* Base */,
			);
			name = Main.storyboard;
			sourceTree = "<group>";
		};
/* End PBXVariantGroup section */

/* Begin XCBuildConfiguration section */
		7AC84F12182444DD00FE6ED2 /* Debug */ = {
			isa = XCBuildConfiguration;
			buildSettings = {
				ALWAYS_SEARCH_USER_PATHS = NO;
				ARCHS = "$(ARCHS_STANDARD_INCLUDING_64_BIT)";
				CLANG_CXX_LANGUAGE_STANDARD = "gnu++0x";
				CLANG_CXX_LIBRARY = "libc++";
				CLANG_ENABLE_MODULES = YES;
				CLANG_ENABLE_OBJC_ARC = YES;
				CLANG_WARN_BOOL_CONVERSION = YES;
				CLANG_WARN_CONSTANT_CONVERSION = YES;
				CLANG_WARN_DIRECT_OBJC_ISA_USAGE = YES_ERROR;
				CLANG_WARN_EMPTY_BODY = YES;
				CLANG_WARN_ENUM_CONVERSION = YES;
				CLANG_WARN_INT_CONVERSION = YES;
				CLANG_WARN_OBJC_ROOT_CLASS = YES_ERROR;
				CLANG_WARN__DUPLICATE_METHOD_MATCH = YES;
				"CODE_SIGN_IDENTITY[sdk=iphoneos*]" = "iPhone Developer";
				COPY_PHASE_STRIP = NO;
				GCC_C_LANGUAGE_STANDARD = gnu99;
				GCC_DYNAMIC_NO_PIC = NO;
				GCC_OPTIMIZATION_LEVEL = 0;
				GCC_PREPROCESSOR_DEFINITIONS = (
					"DEBUG=1",
					"$(inherited)",
				);
				GCC_SYMBOLS_PRIVATE_EXTERN = NO;
				GCC_WARN_64_TO_32_BIT_CONVERSION = YES;
				GCC_WARN_ABOUT_RETURN_TYPE = YES_ERROR;
				GCC_WARN_UNDECLARED_SELECTOR = YES;
				GCC_WARN_UNINITIALIZED_AUTOS = YES;
				GCC_WARN_UNUSED_FUNCTION = YES;
				GCC_WARN_UNUSED_VARIABLE = YES;
				IPHONEOS_DEPLOYMENT_TARGET = 7.0;
				ONLY_ACTIVE_ARCH = YES;
				SDKROOT = iphoneos;
			};
			name = Debug;
		};
		7AC84F13182444DD00FE6ED2 /* Release */ = {
			isa = XCBuildConfiguration;
			buildSettings = {
				ALWAYS_SEARCH_USER_PATHS = NO;
				ARCHS = "$(ARCHS_STANDARD_INCLUDING_64_BIT)";
				CLANG_CXX_LANGUAGE_STANDARD = "gnu++0x";
				CLANG_CXX_LIBRARY = "libc++";
				CLANG_ENABLE_MODULES = YES;
				CLANG_ENABLE_OBJC_ARC = YES;
				CLANG_WARN_BOOL_CONVERSION = YES;
				CLANG_WARN_CONSTANT_CONVERSION = YES;
				CLANG_WARN_DIRECT_OBJC_ISA_USAGE = YES_ERROR;
				CLANG_WARN_EMPTY_BODY = YES;
				CLANG_WARN_ENUM_CONVERSION = YES;
				CLANG_WARN_INT_CONVERSION = YES;
				CLANG_WARN_OBJC_ROOT_CLASS = YES_ERROR;
				CLANG_WARN__DUPLICATE_METHOD_MATCH = YES;
				"CODE_SIGN_IDENTITY[sdk=iphoneos*]" = "iPhone Developer";
				COPY_PHASE_STRIP = YES;
				ENABLE_NS_ASSERTIONS = NO;
				GCC_C_LANGUAGE_STANDARD = gnu99;
				GCC_WARN_64_TO_32_BIT_CONVERSION = YES;
				GCC_WARN_ABOUT_RETURN_TYPE = YES_ERROR;
				GCC_WARN_UNDECLARED_SELECTOR = YES;
				GCC_WARN_UNINITIALIZED_AUTOS = YES;
				GCC_WARN_UNUSED_FUNCTION = YES;
				GCC_WARN_UNUSED_VARIABLE = YES;
				IPHONEOS_DEPLOYMENT_TARGET = 7.0;
				SDKROOT = iphoneos;
				VALIDATE_PRODUCT = YES;
			};
			name = Release;
		};
		7AC84F15182444DD00FE6ED2 /* Debug */ = {
			isa = XCBuildConfiguration;
			buildSettings = {
				ASSETCATALOG_COMPILER_APPICON_NAME = AppIcon;
				ASSETCATALOG_COMPILER_LAUNCHIMAGE_NAME = LaunchImage;
				CODE_SIGN_IDENTITY = "iPhone Developer";
				GCC_PRECOMPILE_PREFIX_HEADER = YES;
				GCC_PREFIX_HEADER = "Dubai Cares Microdonations/Dubai Cares Microdonations-Prefix.pch";
				INFOPLIST_FILE = "Dubai Cares Microdonations/Dubai Cares Microdonations-Info.plist";
				PRODUCT_NAME = "$(TARGET_NAME)";
				WRAPPER_EXTENSION = app;
			};
			name = Debug;
		};
		7AC84F16182444DD00FE6ED2 /* Release */ = {
			isa = XCBuildConfiguration;
			buildSettings = {
				ASSETCATALOG_COMPILER_APPICON_NAME = AppIcon;
				ASSETCATALOG_COMPILER_LAUNCHIMAGE_NAME = LaunchImage;
				CODE_SIGN_IDENTITY = "iPhone Developer";
				GCC_PRECOMPILE_PREFIX_HEADER = YES;
				GCC_PREFIX_HEADER = "Dubai Cares Microdonations/Dubai Cares Microdonations-Prefix.pch";
				INFOPLIST_FILE = "Dubai Cares Microdonations/Dubai Cares Microdonations-Info.plist";
				PRODUCT_NAME = "$(TARGET_NAME)";
				WRAPPER_EXTENSION = app;
			};
			name = Release;
		};
		7AC84F18182444DD00FE6ED2 /* Debug */ = {
			isa = XCBuildConfiguration;
			buildSettings = {
				ARCHS = "$(ARCHS_STANDARD_INCLUDING_64_BIT)";
				BUNDLE_LOADER = "$(BUILT_PRODUCTS_DIR)/Dubai Cares Microdonations.app/Dubai Cares Microdonations";
				FRAMEWORK_SEARCH_PATHS = (
					"$(SDKROOT)/Developer/Library/Frameworks",
					"$(inherited)",
					"$(DEVELOPER_FRAMEWORKS_DIR)",
				);
				GCC_PRECOMPILE_PREFIX_HEADER = YES;
				GCC_PREFIX_HEADER = "Dubai Cares Microdonations/Dubai Cares Microdonations-Prefix.pch";
				GCC_PREPROCESSOR_DEFINITIONS = (
					"DEBUG=1",
					"$(inherited)",
				);
				INFOPLIST_FILE = "Dubai Cares MicrodonationsTests/Dubai Cares MicrodonationsTests-Info.plist";
				PRODUCT_NAME = "$(TARGET_NAME)";
				TEST_HOST = "$(BUNDLE_LOADER)";
				WRAPPER_EXTENSION = xctest;
			};
			name = Debug;
		};
		7AC84F19182444DD00FE6ED2 /* Release */ = {
			isa = XCBuildConfiguration;
			buildSettings = {
				ARCHS = "$(ARCHS_STANDARD_INCLUDING_64_BIT)";
				BUNDLE_LOADER = "$(BUILT_PRODUCTS_DIR)/Dubai Cares Microdonations.app/Dubai Cares Microdonations";
				FRAMEWORK_SEARCH_PATHS = (
					"$(SDKROOT)/Developer/Library/Frameworks",
					"$(inherited)",
					"$(DEVELOPER_FRAMEWORKS_DIR)",
				);
				GCC_PRECOMPILE_PREFIX_HEADER = YES;
				GCC_PREFIX_HEADER = "Dubai Cares Microdonations/Dubai Cares Microdonations-Prefix.pch";
				INFOPLIST_FILE = "Dubai Cares MicrodonationsTests/Dubai Cares MicrodonationsTests-Info.plist";
				PRODUCT_NAME = "$(TARGET_NAME)";
				TEST_HOST = "$(BUNDLE_LOADER)";
				WRAPPER_EXTENSION = xctest;
			};
			name = Release;
		};
/* End XCBuildConfiguration section */

/* Begin XCConfigurationList section */
		7AC84EDD182444DD00FE6ED2 /* Build configuration list for PBXProject "Dubai Cares Microdonations" */ = {
			isa = XCConfigurationList;
			buildConfigurations = (
				7AC84F12182444DD00FE6ED2 /* Debug */,
				7AC84F13182444DD00FE6ED2 /* Release */,
			);
			defaultConfigurationIsVisible = 0;
			defaultConfigurationName = Release;
		};
		7AC84F14182444DD00FE6ED2 /* Build configuration list for PBXNativeTarget "Dubai Cares Microdonations" */ = {
			isa = XCConfigurationList;
			buildConfigurations = (
				7AC84F15182444DD00FE6ED2 /* Debug */,
				7AC84F16182444DD00FE6ED2 /* Release */,
			);
			defaultConfigurationIsVisible = 0;
			defaultConfigurationName = Release;
		};
		7AC84F17182444DD00FE6ED2 /* Build configuration list for PBXNativeTarget "Dubai Cares MicrodonationsTests" */ = {
			isa = XCConfigurationList;
			buildConfigurations = (
				7AC84F18182444DD00FE6ED2 /* Debug */,
				7AC84F19182444DD00FE6ED2 /* Release */,
			);
			defaultConfigurationIsVisible = 0;
			defaultConfigurationName = Release;
		};
/* End XCConfigurationList section */
	};
	rootObject = 7AC84EDA182444DD00FE6ED2 /* Project object */;
}
